// !$*UTF8*$!
{
	archiveVersion = 1;
	classes = {
	};
	objectVersion = 46;
	objects = {

/* Begin PBXBuildFile section */
		1EB361D7C3EE841E6CFD1C24 /* libPods-MyTestForNewFrameWork.a in Frameworks */ = {isa = PBXBuildFile; fileRef = 33D917BAD42326713B1EEBED /* libPods-MyTestForNewFrameWork.a */; };
		B90275D11DCDDDF900755057 /* LLWebViewController.m in Sources */ = {isa = PBXBuildFile; fileRef = B90275D01DCDDDF900755057 /* LLWebViewController.m */; };
		B90275D41DCDEC1E00755057 /* LLVideoPlayController.m in Sources */ = {isa = PBXBuildFile; fileRef = B90275D31DCDEC1E00755057 /* LLVideoPlayController.m */; };
		B9053CC31DC091B900124151 /* UIView+Helpers.m in Sources */ = {isa = PBXBuildFile; fileRef = B9053CC01DC091B900124151 /* UIView+Helpers.m */; };
		B9053CC41DC091B900124151 /* YLStickyHeaderFlowLayout.m in Sources */ = {isa = PBXBuildFile; fileRef = B9053CC21DC091B900124151 /* YLStickyHeaderFlowLayout.m */; };
		B9053CD81DC0929A00124151 /* LLDiscoveryViewController.m in Sources */ = {isa = PBXBuildFile; fileRef = B9053CD71DC0929A00124151 /* LLDiscoveryViewController.m */; };
		B9053CDE1DC099CA00124151 /* LLAdvertisementCell.m in Sources */ = {isa = PBXBuildFile; fileRef = B9053CDD1DC099CA00124151 /* LLAdvertisementCell.m */; };
		B9053CEF1DC09A1E00124151 /* TAAbstractDotView.m in Sources */ = {isa = PBXBuildFile; fileRef = B9053CE21DC09A1E00124151 /* TAAbstractDotView.m */; };
		B9053CF01DC09A1E00124151 /* TAAnimatedDotView.m in Sources */ = {isa = PBXBuildFile; fileRef = B9053CE41DC09A1E00124151 /* TAAnimatedDotView.m */; };
		B9053CF11DC09A1E00124151 /* TADotView.m in Sources */ = {isa = PBXBuildFile; fileRef = B9053CE61DC09A1E00124151 /* TADotView.m */; };
		B9053CF21DC09A1E00124151 /* TAPageControl.m in Sources */ = {isa = PBXBuildFile; fileRef = B9053CE81DC09A1E00124151 /* TAPageControl.m */; };
		B9053CF31DC09A1E00124151 /* SDCollectionViewCell.m in Sources */ = {isa = PBXBuildFile; fileRef = B9053CEA1DC09A1E00124151 /* SDCollectionViewCell.m */; };
		B9053CF41DC09A1E00124151 /* SDCycleScrollView.m in Sources */ = {isa = PBXBuildFile; fileRef = B9053CEC1DC09A1E00124151 /* SDCycleScrollView.m */; };
		B9053CF51DC09A1E00124151 /* UIView+SDExtension.m in Sources */ = {isa = PBXBuildFile; fileRef = B9053CEE1DC09A1E00124151 /* UIView+SDExtension.m */; };
		B90EC4611DC0D63100D9A49B /* Realm.framework in Frameworks */ = {isa = PBXBuildFile; fileRef = B90EC4601DC0D63100D9A49B /* Realm.framework */; };
		B90EC4641DC0D6C300D9A49B /* Person.m in Sources */ = {isa = PBXBuildFile; fileRef = B90EC4631DC0D6C300D9A49B /* Person.m */; };
		B9184AC81DBF076600150301 /* LLUserLoginReturnModel.m in Sources */ = {isa = PBXBuildFile; fileRef = B9184AC71DBF076600150301 /* LLUserLoginReturnModel.m */; };
		B91993EC1D91610800CF3295 /* DLBase64.m in Sources */ = {isa = PBXBuildFile; fileRef = B91993661D91610800CF3295 /* DLBase64.m */; };
		B91993ED1D91610800CF3295 /* DLCache.m in Sources */ = {isa = PBXBuildFile; fileRef = B91993691D91610800CF3295 /* DLCache.m */; };
		B91993EE1D91610800CF3295 /* DLKeychain.m in Sources */ = {isa = PBXBuildFile; fileRef = B919936B1D91610800CF3295 /* DLKeychain.m */; };
		B91993EF1D91610800CF3295 /* DLUserDefaults.m in Sources */ = {isa = PBXBuildFile; fileRef = B919936D1D91610800CF3295 /* DLUserDefaults.m */; };
		B91993F01D91610800CF3295 /* DLLocationManager.m in Sources */ = {isa = PBXBuildFile; fileRef = B91993701D91610800CF3295 /* DLLocationManager.m */; };
		B91993F11D91610800CF3295 /* NSData+DLDes.m in Sources */ = {isa = PBXBuildFile; fileRef = B91993731D91610800CF3295 /* NSData+DLDes.m */; };
		B91993F21D91610800CF3295 /* DLPinyin.c in Sources */ = {isa = PBXBuildFile; fileRef = B91993751D91610800CF3295 /* DLPinyin.c */; };
		B91993F31D91610800CF3295 /* NSObject+SBJson.m in Sources */ = {isa = PBXBuildFile; fileRef = B919937A1D91610800CF3295 /* NSObject+SBJson.m */; };
		B91993F41D91610800CF3295 /* SBJsonParser.m in Sources */ = {isa = PBXBuildFile; fileRef = B919937D1D91610800CF3295 /* SBJsonParser.m */; };
		B91993F51D91610800CF3295 /* SBJsonStreamParser.m in Sources */ = {isa = PBXBuildFile; fileRef = B919937F1D91610800CF3295 /* SBJsonStreamParser.m */; };
		B91993F61D91610800CF3295 /* SBJsonStreamParserAccumulator.m in Sources */ = {isa = PBXBuildFile; fileRef = B91993811D91610800CF3295 /* SBJsonStreamParserAccumulator.m */; };
		B91993F71D91610800CF3295 /* SBJsonStreamParserAdapter.m in Sources */ = {isa = PBXBuildFile; fileRef = B91993831D91610800CF3295 /* SBJsonStreamParserAdapter.m */; };
		B91993F81D91610800CF3295 /* SBJsonStreamParserState.m in Sources */ = {isa = PBXBuildFile; fileRef = B91993851D91610800CF3295 /* SBJsonStreamParserState.m */; };
		B91993F91D91610800CF3295 /* SBJsonStreamWriter.m in Sources */ = {isa = PBXBuildFile; fileRef = B91993871D91610800CF3295 /* SBJsonStreamWriter.m */; };
		B91993FA1D91610800CF3295 /* SBJsonStreamWriterAccumulator.m in Sources */ = {isa = PBXBuildFile; fileRef = B91993891D91610800CF3295 /* SBJsonStreamWriterAccumulator.m */; };
		B91993FB1D91610800CF3295 /* SBJsonStreamWriterState.m in Sources */ = {isa = PBXBuildFile; fileRef = B919938B1D91610800CF3295 /* SBJsonStreamWriterState.m */; };
		B91993FC1D91610800CF3295 /* SBJsonTokeniser.m in Sources */ = {isa = PBXBuildFile; fileRef = B919938D1D91610800CF3295 /* SBJsonTokeniser.m */; };
		B91993FD1D91610800CF3295 /* SBJsonUTF8Stream.m in Sources */ = {isa = PBXBuildFile; fileRef = B919938F1D91610800CF3295 /* SBJsonUTF8Stream.m */; };
		B91993FE1D91610800CF3295 /* SBJsonWriter.m in Sources */ = {isa = PBXBuildFile; fileRef = B91993911D91610800CF3295 /* SBJsonWriter.m */; };
		B91993FF1D91610800CF3295 /* NSString+MD5.m in Sources */ = {isa = PBXBuildFile; fileRef = B91993941D91610800CF3295 /* NSString+MD5.m */; };
		B91994091D91610800CF3295 /* DLHttpHelper.m in Sources */ = {isa = PBXBuildFile; fileRef = B91993AC1D91610800CF3295 /* DLHttpHelper.m */; };
		B91994121D91610800CF3295 /* AsyncSocket.m in Sources */ = {isa = PBXBuildFile; fileRef = B91993C21D91610800CF3295 /* AsyncSocket.m */; settings = {COMPILER_FLAGS = "-fno-objc-arc"; }; };
		B91994131D91610800CF3295 /* AsyncUdpSocket.m in Sources */ = {isa = PBXBuildFile; fileRef = B91993C41D91610800CF3295 /* AsyncUdpSocket.m */; settings = {COMPILER_FLAGS = "-fno-objc-arc"; }; };
		B91994141D91610800CF3295 /* DLOpenUDID.m in Sources */ = {isa = PBXBuildFile; fileRef = B91993C71D91610800CF3295 /* DLOpenUDID.m */; };
		B91994151D91610800CF3295 /* SVProgressGifHUD.m in Sources */ = {isa = PBXBuildFile; fileRef = B91993CA1D91610800CF3295 /* SVProgressGifHUD.m */; };
		B91994161D91610800CF3295 /* SVProgressHUD.bundle in Resources */ = {isa = PBXBuildFile; fileRef = B91993CB1D91610800CF3295 /* SVProgressHUD.bundle */; };
		B91994171D91610800CF3295 /* SVProgressHUD.m in Sources */ = {isa = PBXBuildFile; fileRef = B91993CD1D91610800CF3295 /* SVProgressHUD.m */; };
		B91994181D91610800CF3295 /* UIScrollView+SVInfiniteScrolling.m in Sources */ = {isa = PBXBuildFile; fileRef = B91993D11D91610800CF3295 /* UIScrollView+SVInfiniteScrolling.m */; };
		B91994191D91610800CF3295 /* UIScrollView+SVPullToRefresh.m in Sources */ = {isa = PBXBuildFile; fileRef = B91993D31D91610800CF3295 /* UIScrollView+SVPullToRefresh.m */; };
		B919941A1D91610800CF3295 /* UIView+Animation.m in Sources */ = {isa = PBXBuildFile; fileRef = B91993D61D91610800CF3295 /* UIView+Animation.m */; };
		B919941B1D91610800CF3295 /* DLXMLDictionary.m in Sources */ = {isa = PBXBuildFile; fileRef = B91993DA1D91610800CF3295 /* DLXMLDictionary.m */; };
		B91994211D91610800CF3295 /* UITabBarController+Custom.m in Sources */ = {isa = PBXBuildFile; fileRef = B91993EB1D91610800CF3295 /* UITabBarController+Custom.m */; };
		B91994241D91613E00CF3295 /* SUCustomTabbar.m in Sources */ = {isa = PBXBuildFile; fileRef = B91994231D91613E00CF3295 /* SUCustomTabbar.m */; };
		B91994281D91642700CF3295 /* UIViewController+LLCustom.m in Sources */ = {isa = PBXBuildFile; fileRef = B91994271D91642700CF3295 /* UIViewController+LLCustom.m */; };
		B91CAD251D9298FE00C7F269 /* viewController4.m in Sources */ = {isa = PBXBuildFile; fileRef = B91CAD241D9298FE00C7F269 /* viewController4.m */; };
		B91EA2261D93645E00023291 /* LLBaseViewController.m in Sources */ = {isa = PBXBuildFile; fileRef = B91EA2251D93645E00023291 /* LLBaseViewController.m */; };
		B922D3D61D900D55002E02EF /* main.m in Sources */ = {isa = PBXBuildFile; fileRef = B922D3D51D900D55002E02EF /* main.m */; };
		B922D3D91D900D55002E02EF /* AppDelegate.mm in Sources */ = {isa = PBXBuildFile; fileRef = B922D3D81D900D55002E02EF /* AppDelegate.mm */; };
		B922D3DC1D900D55002E02EF /* ViewController.m in Sources */ = {isa = PBXBuildFile; fileRef = B922D3DB1D900D55002E02EF /* ViewController.m */; };
		B922D3E11D900D55002E02EF /* Assets.xcassets in Resources */ = {isa = PBXBuildFile; fileRef = B922D3E01D900D55002E02EF /* Assets.xcassets */; };
		B922D3ED1D900F20002E02EF /* CoreGraphics.framework in Frameworks */ = {isa = PBXBuildFile; fileRef = B922D3EC1D900F20002E02EF /* CoreGraphics.framework */; };
		B922D4A41D901357002E02EF /* LLObejctDefine.m in Sources */ = {isa = PBXBuildFile; fileRef = B922D4A31D901357002E02EF /* LLObejctDefine.m */; };
		B922D4C01D90148B002E02EF /* NSArray+DLExtension.m in Sources */ = {isa = PBXBuildFile; fileRef = B922D4B11D90148B002E02EF /* NSArray+DLExtension.m */; };
		B922D4C11D90148B002E02EF /* NSData+MD5.m in Sources */ = {isa = PBXBuildFile; fileRef = B922D4B31D90148B002E02EF /* NSData+MD5.m */; };
		B922D4C21D90148B002E02EF /* NSDate+DLExtension.m in Sources */ = {isa = PBXBuildFile; fileRef = B922D4B51D90148B002E02EF /* NSDate+DLExtension.m */; };
		B922D4C31D90148B002E02EF /* NSDictionary+DLExtension.m in Sources */ = {isa = PBXBuildFile; fileRef = B922D4B71D90148B002E02EF /* NSDictionary+DLExtension.m */; };
		B922D4C41D90148B002E02EF /* NSObject+DLNotification.m in Sources */ = {isa = PBXBuildFile; fileRef = B922D4B91D90148B002E02EF /* NSObject+DLNotification.m */; };
		B922D4C51D90148B002E02EF /* NSObject+DLTypeConversion.m in Sources */ = {isa = PBXBuildFile; fileRef = B922D4BB1D90148B002E02EF /* NSObject+DLTypeConversion.m */; };
		B922D4C61D90148B002E02EF /* NSString+DLExtension.m in Sources */ = {isa = PBXBuildFile; fileRef = B922D4BD1D90148B002E02EF /* NSString+DLExtension.m */; };
		B922D4C71D90148B002E02EF /* UIImage+DLExtension.m in Sources */ = {isa = PBXBuildFile; fileRef = B922D4BF1D90148B002E02EF /* UIImage+DLExtension.m */; };
		B922D4CA1D90153D002E02EF /* LLLog.m in Sources */ = {isa = PBXBuildFile; fileRef = B922D4C91D90153D002E02EF /* LLLog.m */; };
		B922D4D11D9017E2002E02EF /* LLHttpFormModel.m in Sources */ = {isa = PBXBuildFile; fileRef = B922D4D01D9017E2002E02EF /* LLHttpFormModel.m */; };
		B922D4D41D901B1D002E02EF /* DLSystemInfo.m in Sources */ = {isa = PBXBuildFile; fileRef = B922D4D31D901B1D002E02EF /* DLSystemInfo.m */; };
		B922D4DB1D901E7B002E02EF /* LLSandbox.m in Sources */ = {isa = PBXBuildFile; fileRef = B922D4DA1D901E7B002E02EF /* LLSandbox.m */; };
		B92AF9641D910ACA001DAD4A /* LLCustonTabbarModel.m in Sources */ = {isa = PBXBuildFile; fileRef = B92AF9631D910ACA001DAD4A /* LLCustonTabbarModel.m */; };
		B92AF9671D91167B001DAD4A /* ViewController1.m in Sources */ = {isa = PBXBuildFile; fileRef = B92AF9661D91167B001DAD4A /* ViewController1.m */; };
		B92AF96A1D911686001DAD4A /* ViewController2.m in Sources */ = {isa = PBXBuildFile; fileRef = B92AF9691D911686001DAD4A /* ViewController2.m */; };
		B92AF96D1D911690001DAD4A /* ViewController3.m in Sources */ = {isa = PBXBuildFile; fileRef = B92AF96C1D911690001DAD4A /* ViewController3.m */; };
		B9372A031DCB847200CD0F3B /* JCCollectionViewTagFlowLayout.m in Sources */ = {isa = PBXBuildFile; fileRef = B93729FA1DCB847200CD0F3B /* JCCollectionViewTagFlowLayout.m */; };
		B9372A041DCB847200CD0F3B /* JCTagCell.m in Sources */ = {isa = PBXBuildFile; fileRef = B93729FC1DCB847200CD0F3B /* JCTagCell.m */; };
		B9372A051DCB847200CD0F3B /* JCTagListView.m in Sources */ = {isa = PBXBuildFile; fileRef = B93729FE1DCB847200CD0F3B /* JCTagListView.m */; };
		B9372A061DCB847200CD0F3B /* TopModel.m in Sources */ = {isa = PBXBuildFile; fileRef = B9372A001DCB847200CD0F3B /* TopModel.m */; };
		B9372A071DCB847200CD0F3B /* TopTenBang.m in Sources */ = {isa = PBXBuildFile; fileRef = B9372A021DCB847200CD0F3B /* TopTenBang.m */; };
		B93806FC1DC1C6A00058ABEF /* LLSpecialCell.m in Sources */ = {isa = PBXBuildFile; fileRef = B93806FB1DC1C6A00058ABEF /* LLSpecialCell.m */; };
		B93807051DC1FBEE0058ABEF /* YZTagButton.m in Sources */ = {isa = PBXBuildFile; fileRef = B93807021DC1FBEE0058ABEF /* YZTagButton.m */; };
		B93807061DC1FBEE0058ABEF /* YZTagList.m in Sources */ = {isa = PBXBuildFile; fileRef = B93807041DC1FBEE0058ABEF /* YZTagList.m */; };
		B938070C1DC20BD70058ABEF /* LLShowNeesLogInView.m in Sources */ = {isa = PBXBuildFile; fileRef = B938070B1DC20BD70058ABEF /* LLShowNeesLogInView.m */; };
		B93FEC951DC8E89100652886 /* testView.m in Sources */ = {isa = PBXBuildFile; fileRef = B93FEC941DC8E89100652886 /* testView.m */; };
		B93FEC981DC8EA1000652886 /* testView2.m in Sources */ = {isa = PBXBuildFile; fileRef = B93FEC971DC8EA1000652886 /* testView2.m */; };
		B94E374F1DCCE51B0006ADA7 /* MBHudExtention.m in Sources */ = {isa = PBXBuildFile; fileRef = B94E374E1DCCE51B0006ADA7 /* MBHudExtention.m */; };
		B96C61BA1DBDAA880034B859 /* LLCustomNavBarView.m in Sources */ = {isa = PBXBuildFile; fileRef = B96C61B91DBDAA880034B859 /* LLCustomNavBarView.m */; };
		B96C61C91DBDD1BF0034B859 /* LLBaseDataModel.m in Sources */ = {isa = PBXBuildFile; fileRef = B96C61C81DBDD1BF0034B859 /* LLBaseDataModel.m */; };
		B9758F9C1DABF70D00814202 /* DLBaseNavigationController.m in Sources */ = {isa = PBXBuildFile; fileRef = B9758F9B1DABF70D00814202 /* DLBaseNavigationController.m */; };
		B97DAFF91DC6483400CEF142 /* TTReqEngine.m in Sources */ = {isa = PBXBuildFile; fileRef = B97DAFF41DC6483400CEF142 /* TTReqEngine.m */; };
		B97DAFFA1DC6483400CEF142 /* TTReqProtocol.m in Sources */ = {isa = PBXBuildFile; fileRef = B97DAFF61DC6483400CEF142 /* TTReqProtocol.m */; };
		B97DAFFB1DC6483400CEF142 /* TTReqUrl.m in Sources */ = {isa = PBXBuildFile; fileRef = B97DAFF81DC6483400CEF142 /* TTReqUrl.m */; };
		B98628031DC0FE160064FF4B /* LLBaseModel.m in Sources */ = {isa = PBXBuildFile; fileRef = B98628021DC0FE160064FF4B /* LLBaseModel.m */; };
		B98628061DC105040064FF4B /* DageTest.m in Sources */ = {isa = PBXBuildFile; fileRef = B98628051DC105040064FF4B /* DageTest.m */; };
		B98628071DC106E80064FF4B /* Realm.framework in Frameworks */ = {isa = PBXBuildFile; fileRef = B90EC4601DC0D63100D9A49B /* Realm.framework */; };
		B98628081DC106E80064FF4B /* Realm.framework in Embed Frameworks */ = {isa = PBXBuildFile; fileRef = B90EC4601DC0D63100D9A49B /* Realm.framework */; settings = {ATTRIBUTES = (CodeSignOnCopy, RemoveHeadersOnCopy, ); }; };
		B986280C1DC1303B0064FF4B /* Homesss.m in Sources */ = {isa = PBXBuildFile; fileRef = B986280B1DC1303B0064FF4B /* Homesss.m */; };
		B986280F1DC13C3B0064FF4B /* DogAnimal.m in Sources */ = {isa = PBXBuildFile; fileRef = B986280E1DC13C3B0064FF4B /* DogAnimal.m */; };
		B9865CDD1DC3047C006D06CE /* LLPublickMethed.m in Sources */ = {isa = PBXBuildFile; fileRef = B9865CDC1DC3047C006D06CE /* LLPublickMethed.m */; };
		B9865D021DC3232A006D06CE /* Info.plist in Resources */ = {isa = PBXBuildFile; fileRef = B922D3E51D900D55002E02EF /* Info.plist */; };
		B9865D1C1DC32671006D06CE /* Main.storyboard in Resources */ = {isa = PBXBuildFile; fileRef = B9865D1A1DC32671006D06CE /* Main.storyboard */; };
		B9865D441DC328DD006D06CE /* LaunchScreen.storyboard in Resources */ = {isa = PBXBuildFile; fileRef = B9865D421DC328DD006D06CE /* LaunchScreen.storyboard */; };
		B9865D531DC32BEA006D06CE /* HWWorldLanguage.strings in Resources */ = {isa = PBXBuildFile; fileRef = B9865D551DC32BEA006D06CE /* HWWorldLanguage.strings */; };
		B9FCF6CF1DBB774400EF2A98 /* LLShareView.m in Sources */ = {isa = PBXBuildFile; fileRef = B9FCF6CE1DBB774400EF2A98 /* LLShareView.m */; };
/* End PBXBuildFile section */

/* Begin PBXCopyFilesBuildPhase section */
		B98628091DC106E80064FF4B /* Embed Frameworks */ = {
			isa = PBXCopyFilesBuildPhase;
			buildActionMask = 2147483647;
			dstPath = "";
			dstSubfolderSpec = 10;
			files = (
				B98628081DC106E80064FF4B /* Realm.framework in Embed Frameworks */,
			);
			name = "Embed Frameworks";
			runOnlyForDeploymentPostprocessing = 0;
		};
/* End PBXCopyFilesBuildPhase section */

/* Begin PBXFileReference section */
		33D917BAD42326713B1EEBED /* libPods-MyTestForNewFrameWork.a */ = {isa = PBXFileReference; explicitFileType = archive.ar; includeInIndex = 0; path = "libPods-MyTestForNewFrameWork.a"; sourceTree = BUILT_PRODUCTS_DIR; };
		72FCE661364C6BC9B4C245C1 /* Pods-MyTestForNewFrameWork.debug.xcconfig */ = {isa = PBXFileReference; includeInIndex = 1; lastKnownFileType = text.xcconfig; name = "Pods-MyTestForNewFrameWork.debug.xcconfig"; path = "Pods/Target Support Files/Pods-MyTestForNewFrameWork/Pods-MyTestForNewFrameWork.debug.xcconfig"; sourceTree = "<group>"; };
		A6E45D93703914C81EC6DABF /* Pods-MyTestForNewFrameWork.release.xcconfig */ = {isa = PBXFileReference; includeInIndex = 1; lastKnownFileType = text.xcconfig; name = "Pods-MyTestForNewFrameWork.release.xcconfig"; path = "Pods/Target Support Files/Pods-MyTestForNewFrameWork/Pods-MyTestForNewFrameWork.release.xcconfig"; sourceTree = "<group>"; };
		B90275CF1DCDDDF900755057 /* LLWebViewController.h */ = {isa = PBXFileReference; fileEncoding = 4; lastKnownFileType = sourcecode.c.h; path = LLWebViewController.h; sourceTree = "<group>"; };
		B90275D01DCDDDF900755057 /* LLWebViewController.m */ = {isa = PBXFileReference; fileEncoding = 4; lastKnownFileType = sourcecode.c.objc; path = LLWebViewController.m; sourceTree = "<group>"; };
		B90275D21DCDEC1E00755057 /* LLVideoPlayController.h */ = {isa = PBXFileReference; fileEncoding = 4; lastKnownFileType = sourcecode.c.h; path = LLVideoPlayController.h; sourceTree = "<group>"; };
		B90275D31DCDEC1E00755057 /* LLVideoPlayController.m */ = {isa = PBXFileReference; fileEncoding = 4; lastKnownFileType = sourcecode.c.objc; path = LLVideoPlayController.m; sourceTree = "<group>"; };
		B9053CBF1DC091B900124151 /* UIView+Helpers.h */ = {isa = PBXFileReference; fileEncoding = 4; lastKnownFileType = sourcecode.c.h; path = "UIView+Helpers.h"; sourceTree = "<group>"; };
		B9053CC01DC091B900124151 /* UIView+Helpers.m */ = {isa = PBXFileReference; fileEncoding = 4; lastKnownFileType = sourcecode.c.objc; path = "UIView+Helpers.m"; sourceTree = "<group>"; };
		B9053CC11DC091B900124151 /* YLStickyHeaderFlowLayout.h */ = {isa = PBXFileReference; fileEncoding = 4; lastKnownFileType = sourcecode.c.h; path = YLStickyHeaderFlowLayout.h; sourceTree = "<group>"; };
		B9053CC21DC091B900124151 /* YLStickyHeaderFlowLayout.m */ = {isa = PBXFileReference; fileEncoding = 4; lastKnownFileType = sourcecode.c.objc; path = YLStickyHeaderFlowLayout.m; sourceTree = "<group>"; };
		B9053CD61DC0929A00124151 /* LLDiscoveryViewController.h */ = {isa = PBXFileReference; fileEncoding = 4; lastKnownFileType = sourcecode.c.h; path = LLDiscoveryViewController.h; sourceTree = "<group>"; };
		B9053CD71DC0929A00124151 /* LLDiscoveryViewController.m */ = {isa = PBXFileReference; fileEncoding = 4; lastKnownFileType = sourcecode.c.objc; path = LLDiscoveryViewController.m; sourceTree = "<group>"; };
		B9053CDC1DC099CA00124151 /* LLAdvertisementCell.h */ = {isa = PBXFileReference; fileEncoding = 4; lastKnownFileType = sourcecode.c.h; path = LLAdvertisementCell.h; sourceTree = "<group>"; };
		B9053CDD1DC099CA00124151 /* LLAdvertisementCell.m */ = {isa = PBXFileReference; fileEncoding = 4; lastKnownFileType = sourcecode.c.objc; path = LLAdvertisementCell.m; sourceTree = "<group>"; };
		B9053CE11DC09A1E00124151 /* TAAbstractDotView.h */ = {isa = PBXFileReference; fileEncoding = 4; lastKnownFileType = sourcecode.c.h; path = TAAbstractDotView.h; sourceTree = "<group>"; };
		B9053CE21DC09A1E00124151 /* TAAbstractDotView.m */ = {isa = PBXFileReference; fileEncoding = 4; lastKnownFileType = sourcecode.c.objc; path = TAAbstractDotView.m; sourceTree = "<group>"; };
		B9053CE31DC09A1E00124151 /* TAAnimatedDotView.h */ = {isa = PBXFileReference; fileEncoding = 4; lastKnownFileType = sourcecode.c.h; path = TAAnimatedDotView.h; sourceTree = "<group>"; };
		B9053CE41DC09A1E00124151 /* TAAnimatedDotView.m */ = {isa = PBXFileReference; fileEncoding = 4; lastKnownFileType = sourcecode.c.objc; path = TAAnimatedDotView.m; sourceTree = "<group>"; };
		B9053CE51DC09A1E00124151 /* TADotView.h */ = {isa = PBXFileReference; fileEncoding = 4; lastKnownFileType = sourcecode.c.h; path = TADotView.h; sourceTree = "<group>"; };
		B9053CE61DC09A1E00124151 /* TADotView.m */ = {isa = PBXFileReference; fileEncoding = 4; lastKnownFileType = sourcecode.c.objc; path = TADotView.m; sourceTree = "<group>"; };
		B9053CE71DC09A1E00124151 /* TAPageControl.h */ = {isa = PBXFileReference; fileEncoding = 4; lastKnownFileType = sourcecode.c.h; path = TAPageControl.h; sourceTree = "<group>"; };
		B9053CE81DC09A1E00124151 /* TAPageControl.m */ = {isa = PBXFileReference; fileEncoding = 4; lastKnownFileType = sourcecode.c.objc; path = TAPageControl.m; sourceTree = "<group>"; };
		B9053CE91DC09A1E00124151 /* SDCollectionViewCell.h */ = {isa = PBXFileReference; fileEncoding = 4; lastKnownFileType = sourcecode.c.h; path = SDCollectionViewCell.h; sourceTree = "<group>"; };
		B9053CEA1DC09A1E00124151 /* SDCollectionViewCell.m */ = {isa = PBXFileReference; fileEncoding = 4; lastKnownFileType = sourcecode.c.objc; path = SDCollectionViewCell.m; sourceTree = "<group>"; };
		B9053CEB1DC09A1E00124151 /* SDCycleScrollView.h */ = {isa = PBXFileReference; fileEncoding = 4; lastKnownFileType = sourcecode.c.h; path = SDCycleScrollView.h; sourceTree = "<group>"; };
		B9053CEC1DC09A1E00124151 /* SDCycleScrollView.m */ = {isa = PBXFileReference; fileEncoding = 4; lastKnownFileType = sourcecode.c.objc; path = SDCycleScrollView.m; sourceTree = "<group>"; };
		B9053CED1DC09A1E00124151 /* UIView+SDExtension.h */ = {isa = PBXFileReference; fileEncoding = 4; lastKnownFileType = sourcecode.c.h; path = "UIView+SDExtension.h"; sourceTree = "<group>"; };
		B9053CEE1DC09A1E00124151 /* UIView+SDExtension.m */ = {isa = PBXFileReference; fileEncoding = 4; lastKnownFileType = sourcecode.c.objc; path = "UIView+SDExtension.m"; sourceTree = "<group>"; };
		B90EC4601DC0D63100D9A49B /* Realm.framework */ = {isa = PBXFileReference; lastKnownFileType = wrapper.framework; path = Realm.framework; sourceTree = "<group>"; };
		B90EC4621DC0D6C300D9A49B /* Person.h */ = {isa = PBXFileReference; fileEncoding = 4; lastKnownFileType = sourcecode.c.h; path = Person.h; sourceTree = "<group>"; };
		B90EC4631DC0D6C300D9A49B /* Person.m */ = {isa = PBXFileReference; fileEncoding = 4; lastKnownFileType = sourcecode.c.objc; path = Person.m; sourceTree = "<group>"; };
		B9184AC61DBF076600150301 /* LLUserLoginReturnModel.h */ = {isa = PBXFileReference; fileEncoding = 4; lastKnownFileType = sourcecode.c.h; path = LLUserLoginReturnModel.h; sourceTree = "<group>"; };
		B9184AC71DBF076600150301 /* LLUserLoginReturnModel.m */ = {isa = PBXFileReference; fileEncoding = 4; lastKnownFileType = sourcecode.c.objc; path = LLUserLoginReturnModel.m; sourceTree = "<group>"; };
		B91993651D91610800CF3295 /* DLBase64.h */ = {isa = PBXFileReference; fileEncoding = 4; lastKnownFileType = sourcecode.c.h; path = DLBase64.h; sourceTree = "<group>"; };
		B91993661D91610800CF3295 /* DLBase64.m */ = {isa = PBXFileReference; fileEncoding = 4; lastKnownFileType = sourcecode.c.objc; path = DLBase64.m; sourceTree = "<group>"; };
		B91993681D91610800CF3295 /* DLCache.h */ = {isa = PBXFileReference; fileEncoding = 4; lastKnownFileType = sourcecode.c.h; path = DLCache.h; sourceTree = "<group>"; };
		B91993691D91610800CF3295 /* DLCache.m */ = {isa = PBXFileReference; fileEncoding = 4; lastKnownFileType = sourcecode.c.objc; path = DLCache.m; sourceTree = "<group>"; };
		B919936A1D91610800CF3295 /* DLKeychain.h */ = {isa = PBXFileReference; fileEncoding = 4; lastKnownFileType = sourcecode.c.h; path = DLKeychain.h; sourceTree = "<group>"; };
		B919936B1D91610800CF3295 /* DLKeychain.m */ = {isa = PBXFileReference; fileEncoding = 4; lastKnownFileType = sourcecode.c.objc; path = DLKeychain.m; sourceTree = "<group>"; };
		B919936C1D91610800CF3295 /* DLUserDefaults.h */ = {isa = PBXFileReference; fileEncoding = 4; lastKnownFileType = sourcecode.c.h; path = DLUserDefaults.h; sourceTree = "<group>"; };
		B919936D1D91610800CF3295 /* DLUserDefaults.m */ = {isa = PBXFileReference; fileEncoding = 4; lastKnownFileType = sourcecode.c.objc; path = DLUserDefaults.m; sourceTree = "<group>"; };
		B919936F1D91610800CF3295 /* DLLocationManager.h */ = {isa = PBXFileReference; fileEncoding = 4; lastKnownFileType = sourcecode.c.h; path = DLLocationManager.h; sourceTree = "<group>"; };
		B91993701D91610800CF3295 /* DLLocationManager.m */ = {isa = PBXFileReference; fileEncoding = 4; lastKnownFileType = sourcecode.c.objc; path = DLLocationManager.m; sourceTree = "<group>"; };
		B91993721D91610800CF3295 /* NSData+DLDes.h */ = {isa = PBXFileReference; fileEncoding = 4; lastKnownFileType = sourcecode.c.h; path = "NSData+DLDes.h"; sourceTree = "<group>"; };
		B91993731D91610800CF3295 /* NSData+DLDes.m */ = {isa = PBXFileReference; fileEncoding = 4; lastKnownFileType = sourcecode.c.objc; path = "NSData+DLDes.m"; sourceTree = "<group>"; };
		B91993751D91610800CF3295 /* DLPinyin.c */ = {isa = PBXFileReference; fileEncoding = 4; lastKnownFileType = sourcecode.c.c; path = DLPinyin.c; sourceTree = "<group>"; };
		B91993761D91610800CF3295 /* DLPinyin.h */ = {isa = PBXFileReference; fileEncoding = 4; lastKnownFileType = sourcecode.c.h; path = DLPinyin.h; sourceTree = "<group>"; };
		B91993791D91610800CF3295 /* NSObject+SBJson.h */ = {isa = PBXFileReference; fileEncoding = 4; lastKnownFileType = sourcecode.c.h; path = "NSObject+SBJson.h"; sourceTree = "<group>"; };
		B919937A1D91610800CF3295 /* NSObject+SBJson.m */ = {isa = PBXFileReference; fileEncoding = 4; lastKnownFileType = sourcecode.c.objc; path = "NSObject+SBJson.m"; sourceTree = "<group>"; };
		B919937B1D91610800CF3295 /* SBJson.h */ = {isa = PBXFileReference; fileEncoding = 4; lastKnownFileType = sourcecode.c.h; path = SBJson.h; sourceTree = "<group>"; };
		B919937C1D91610800CF3295 /* SBJsonParser.h */ = {isa = PBXFileReference; fileEncoding = 4; lastKnownFileType = sourcecode.c.h; path = SBJsonParser.h; sourceTree = "<group>"; };
		B919937D1D91610800CF3295 /* SBJsonParser.m */ = {isa = PBXFileReference; fileEncoding = 4; lastKnownFileType = sourcecode.c.objc; path = SBJsonParser.m; sourceTree = "<group>"; };
		B919937E1D91610800CF3295 /* SBJsonStreamParser.h */ = {isa = PBXFileReference; fileEncoding = 4; lastKnownFileType = sourcecode.c.h; path = SBJsonStreamParser.h; sourceTree = "<group>"; };
		B919937F1D91610800CF3295 /* SBJsonStreamParser.m */ = {isa = PBXFileReference; fileEncoding = 4; lastKnownFileType = sourcecode.c.objc; path = SBJsonStreamParser.m; sourceTree = "<group>"; };
		B91993801D91610800CF3295 /* SBJsonStreamParserAccumulator.h */ = {isa = PBXFileReference; fileEncoding = 4; lastKnownFileType = sourcecode.c.h; path = SBJsonStreamParserAccumulator.h; sourceTree = "<group>"; };
		B91993811D91610800CF3295 /* SBJsonStreamParserAccumulator.m */ = {isa = PBXFileReference; fileEncoding = 4; lastKnownFileType = sourcecode.c.objc; path = SBJsonStreamParserAccumulator.m; sourceTree = "<group>"; };
		B91993821D91610800CF3295 /* SBJsonStreamParserAdapter.h */ = {isa = PBXFileReference; fileEncoding = 4; lastKnownFileType = sourcecode.c.h; path = SBJsonStreamParserAdapter.h; sourceTree = "<group>"; };
		B91993831D91610800CF3295 /* SBJsonStreamParserAdapter.m */ = {isa = PBXFileReference; fileEncoding = 4; lastKnownFileType = sourcecode.c.objc; path = SBJsonStreamParserAdapter.m; sourceTree = "<group>"; };
		B91993841D91610800CF3295 /* SBJsonStreamParserState.h */ = {isa = PBXFileReference; fileEncoding = 4; lastKnownFileType = sourcecode.c.h; path = SBJsonStreamParserState.h; sourceTree = "<group>"; };
		B91993851D91610800CF3295 /* SBJsonStreamParserState.m */ = {isa = PBXFileReference; fileEncoding = 4; lastKnownFileType = sourcecode.c.objc; path = SBJsonStreamParserState.m; sourceTree = "<group>"; };
		B91993861D91610800CF3295 /* SBJsonStreamWriter.h */ = {isa = PBXFileReference; fileEncoding = 4; lastKnownFileType = sourcecode.c.h; path = SBJsonStreamWriter.h; sourceTree = "<group>"; };
		B91993871D91610800CF3295 /* SBJsonStreamWriter.m */ = {isa = PBXFileReference; fileEncoding = 4; lastKnownFileType = sourcecode.c.objc; path = SBJsonStreamWriter.m; sourceTree = "<group>"; };
		B91993881D91610800CF3295 /* SBJsonStreamWriterAccumulator.h */ = {isa = PBXFileReference; fileEncoding = 4; lastKnownFileType = sourcecode.c.h; path = SBJsonStreamWriterAccumulator.h; sourceTree = "<group>"; };
		B91993891D91610800CF3295 /* SBJsonStreamWriterAccumulator.m */ = {isa = PBXFileReference; fileEncoding = 4; lastKnownFileType = sourcecode.c.objc; path = SBJsonStreamWriterAccumulator.m; sourceTree = "<group>"; };
		B919938A1D91610800CF3295 /* SBJsonStreamWriterState.h */ = {isa = PBXFileReference; fileEncoding = 4; lastKnownFileType = sourcecode.c.h; path = SBJsonStreamWriterState.h; sourceTree = "<group>"; };
		B919938B1D91610800CF3295 /* SBJsonStreamWriterState.m */ = {isa = PBXFileReference; fileEncoding = 4; lastKnownFileType = sourcecode.c.objc; path = SBJsonStreamWriterState.m; sourceTree = "<group>"; };
		B919938C1D91610800CF3295 /* SBJsonTokeniser.h */ = {isa = PBXFileReference; fileEncoding = 4; lastKnownFileType = sourcecode.c.h; path = SBJsonTokeniser.h; sourceTree = "<group>"; };
		B919938D1D91610800CF3295 /* SBJsonTokeniser.m */ = {isa = PBXFileReference; fileEncoding = 4; lastKnownFileType = sourcecode.c.objc; path = SBJsonTokeniser.m; sourceTree = "<group>"; };
		B919938E1D91610800CF3295 /* SBJsonUTF8Stream.h */ = {isa = PBXFileReference; fileEncoding = 4; lastKnownFileType = sourcecode.c.h; path = SBJsonUTF8Stream.h; sourceTree = "<group>"; };
		B919938F1D91610800CF3295 /* SBJsonUTF8Stream.m */ = {isa = PBXFileReference; fileEncoding = 4; lastKnownFileType = sourcecode.c.objc; path = SBJsonUTF8Stream.m; sourceTree = "<group>"; };
		B91993901D91610800CF3295 /* SBJsonWriter.h */ = {isa = PBXFileReference; fileEncoding = 4; lastKnownFileType = sourcecode.c.h; path = SBJsonWriter.h; sourceTree = "<group>"; };
		B91993911D91610800CF3295 /* SBJsonWriter.m */ = {isa = PBXFileReference; fileEncoding = 4; lastKnownFileType = sourcecode.c.objc; path = SBJsonWriter.m; sourceTree = "<group>"; };
		B91993931D91610800CF3295 /* NSString+MD5.h */ = {isa = PBXFileReference; fileEncoding = 4; lastKnownFileType = sourcecode.c.h; path = "NSString+MD5.h"; sourceTree = "<group>"; };
		B91993941D91610800CF3295 /* NSString+MD5.m */ = {isa = PBXFileReference; fileEncoding = 4; lastKnownFileType = sourcecode.c.objc; path = "NSString+MD5.m"; sourceTree = "<group>"; };
		B91993AB1D91610800CF3295 /* DLHttpHelper.h */ = {isa = PBXFileReference; fileEncoding = 4; lastKnownFileType = sourcecode.c.h; path = DLHttpHelper.h; sourceTree = "<group>"; };
		B91993AC1D91610800CF3295 /* DLHttpHelper.m */ = {isa = PBXFileReference; fileEncoding = 4; lastKnownFileType = sourcecode.c.objc; path = DLHttpHelper.m; sourceTree = "<group>"; };
		B91993C11D91610800CF3295 /* AsyncSocket.h */ = {isa = PBXFileReference; fileEncoding = 4; lastKnownFileType = sourcecode.c.h; path = AsyncSocket.h; sourceTree = "<group>"; };
		B91993C21D91610800CF3295 /* AsyncSocket.m */ = {isa = PBXFileReference; fileEncoding = 4; lastKnownFileType = sourcecode.c.objc; path = AsyncSocket.m; sourceTree = "<group>"; };
		B91993C31D91610800CF3295 /* AsyncUdpSocket.h */ = {isa = PBXFileReference; fileEncoding = 4; lastKnownFileType = sourcecode.c.h; path = AsyncUdpSocket.h; sourceTree = "<group>"; };
		B91993C41D91610800CF3295 /* AsyncUdpSocket.m */ = {isa = PBXFileReference; fileEncoding = 4; lastKnownFileType = sourcecode.c.objc; path = AsyncUdpSocket.m; sourceTree = "<group>"; };
		B91993C61D91610800CF3295 /* DLOpenUDID.h */ = {isa = PBXFileReference; fileEncoding = 4; lastKnownFileType = sourcecode.c.h; path = DLOpenUDID.h; sourceTree = "<group>"; };
		B91993C71D91610800CF3295 /* DLOpenUDID.m */ = {isa = PBXFileReference; fileEncoding = 4; lastKnownFileType = sourcecode.c.objc; path = DLOpenUDID.m; sourceTree = "<group>"; };
		B91993C91D91610800CF3295 /* SVProgressGifHUD.h */ = {isa = PBXFileReference; fileEncoding = 4; lastKnownFileType = sourcecode.c.h; path = SVProgressGifHUD.h; sourceTree = "<group>"; };
		B91993CA1D91610800CF3295 /* SVProgressGifHUD.m */ = {isa = PBXFileReference; fileEncoding = 4; lastKnownFileType = sourcecode.c.objc; path = SVProgressGifHUD.m; sourceTree = "<group>"; };
		B91993CB1D91610800CF3295 /* SVProgressHUD.bundle */ = {isa = PBXFileReference; lastKnownFileType = "wrapper.plug-in"; path = SVProgressHUD.bundle; sourceTree = "<group>"; };
		B91993CC1D91610800CF3295 /* SVProgressHUD.h */ = {isa = PBXFileReference; fileEncoding = 4; lastKnownFileType = sourcecode.c.h; path = SVProgressHUD.h; sourceTree = "<group>"; };
		B91993CD1D91610800CF3295 /* SVProgressHUD.m */ = {isa = PBXFileReference; fileEncoding = 4; lastKnownFileType = sourcecode.c.objc; path = SVProgressHUD.m; sourceTree = "<group>"; };
		B91993CF1D91610800CF3295 /* SVPullToRefresh.h */ = {isa = PBXFileReference; fileEncoding = 4; lastKnownFileType = sourcecode.c.h; path = SVPullToRefresh.h; sourceTree = "<group>"; };
		B91993D01D91610800CF3295 /* UIScrollView+SVInfiniteScrolling.h */ = {isa = PBXFileReference; fileEncoding = 4; lastKnownFileType = sourcecode.c.h; path = "UIScrollView+SVInfiniteScrolling.h"; sourceTree = "<group>"; };
		B91993D11D91610800CF3295 /* UIScrollView+SVInfiniteScrolling.m */ = {isa = PBXFileReference; fileEncoding = 4; lastKnownFileType = sourcecode.c.objc; path = "UIScrollView+SVInfiniteScrolling.m"; sourceTree = "<group>"; };
		B91993D21D91610800CF3295 /* UIScrollView+SVPullToRefresh.h */ = {isa = PBXFileReference; fileEncoding = 4; lastKnownFileType = sourcecode.c.h; path = "UIScrollView+SVPullToRefresh.h"; sourceTree = "<group>"; };
		B91993D31D91610800CF3295 /* UIScrollView+SVPullToRefresh.m */ = {isa = PBXFileReference; fileEncoding = 4; lastKnownFileType = sourcecode.c.objc; path = "UIScrollView+SVPullToRefresh.m"; sourceTree = "<group>"; };
		B91993D51D91610800CF3295 /* UIView+Animation.h */ = {isa = PBXFileReference; fileEncoding = 4; lastKnownFileType = sourcecode.c.h; path = "UIView+Animation.h"; sourceTree = "<group>"; };
		B91993D61D91610800CF3295 /* UIView+Animation.m */ = {isa = PBXFileReference; fileEncoding = 4; lastKnownFileType = sourcecode.c.objc; path = "UIView+Animation.m"; sourceTree = "<group>"; };
		B91993D91D91610800CF3295 /* DLXMLDictionary.h */ = {isa = PBXFileReference; fileEncoding = 4; lastKnownFileType = sourcecode.c.h; path = DLXMLDictionary.h; sourceTree = "<group>"; };
		B91993DA1D91610800CF3295 /* DLXMLDictionary.m */ = {isa = PBXFileReference; fileEncoding = 4; lastKnownFileType = sourcecode.c.objc; path = DLXMLDictionary.m; sourceTree = "<group>"; };
		B91993EA1D91610800CF3295 /* UITabBarController+Custom.h */ = {isa = PBXFileReference; fileEncoding = 4; lastKnownFileType = sourcecode.c.h; path = "UITabBarController+Custom.h"; sourceTree = "<group>"; };
		B91993EB1D91610800CF3295 /* UITabBarController+Custom.m */ = {isa = PBXFileReference; fileEncoding = 4; lastKnownFileType = sourcecode.c.objc; path = "UITabBarController+Custom.m"; sourceTree = "<group>"; };
		B91994221D91613E00CF3295 /* SUCustomTabbar.h */ = {isa = PBXFileReference; fileEncoding = 4; lastKnownFileType = sourcecode.c.h; path = SUCustomTabbar.h; sourceTree = "<group>"; };
		B91994231D91613E00CF3295 /* SUCustomTabbar.m */ = {isa = PBXFileReference; fileEncoding = 4; lastKnownFileType = sourcecode.c.objc; path = SUCustomTabbar.m; sourceTree = "<group>"; };
		B91994261D91642700CF3295 /* UIViewController+LLCustom.h */ = {isa = PBXFileReference; fileEncoding = 4; lastKnownFileType = sourcecode.c.h; path = "UIViewController+LLCustom.h"; sourceTree = "<group>"; };
		B91994271D91642700CF3295 /* UIViewController+LLCustom.m */ = {isa = PBXFileReference; fileEncoding = 4; lastKnownFileType = sourcecode.c.objc; path = "UIViewController+LLCustom.m"; sourceTree = "<group>"; };
		B919942C1D916C8A00CF3295 /* Defaultype.h */ = {isa = PBXFileReference; lastKnownFileType = sourcecode.c.h; path = Defaultype.h; sourceTree = "<group>"; };
		B91CAD231D9298FE00C7F269 /* viewController4.h */ = {isa = PBXFileReference; fileEncoding = 4; lastKnownFileType = sourcecode.c.h; path = viewController4.h; sourceTree = "<group>"; };
		B91CAD241D9298FE00C7F269 /* viewController4.m */ = {isa = PBXFileReference; fileEncoding = 4; lastKnownFileType = sourcecode.c.objc; path = viewController4.m; sourceTree = "<group>"; };
		B91DA8A61DBBBC4B0042EFBB /* Foundation_head.h */ = {isa = PBXFileReference; lastKnownFileType = sourcecode.c.h; path = Foundation_head.h; sourceTree = "<group>"; };
		B91EA2241D93645E00023291 /* LLBaseViewController.h */ = {isa = PBXFileReference; fileEncoding = 4; lastKnownFileType = sourcecode.c.h; path = LLBaseViewController.h; sourceTree = "<group>"; };
		B91EA2251D93645E00023291 /* LLBaseViewController.m */ = {isa = PBXFileReference; fileEncoding = 4; lastKnownFileType = sourcecode.c.objc; path = LLBaseViewController.m; sourceTree = "<group>"; };
		B922D3D11D900D55002E02EF /* MyTestForNewFrameWork.app */ = {isa = PBXFileReference; explicitFileType = wrapper.application; includeInIndex = 0; path = MyTestForNewFrameWork.app; sourceTree = BUILT_PRODUCTS_DIR; };
		B922D3D51D900D55002E02EF /* main.m */ = {isa = PBXFileReference; lastKnownFileType = sourcecode.c.objc; path = main.m; sourceTree = "<group>"; };
		B922D3D71D900D55002E02EF /* AppDelegate.h */ = {isa = PBXFileReference; lastKnownFileType = sourcecode.c.h; path = AppDelegate.h; sourceTree = "<group>"; };
		B922D3D81D900D55002E02EF /* AppDelegate.mm */ = {isa = PBXFileReference; lastKnownFileType = sourcecode.cpp.objcpp; path = AppDelegate.mm; sourceTree = "<group>"; };
		B922D3DA1D900D55002E02EF /* ViewController.h */ = {isa = PBXFileReference; lastKnownFileType = sourcecode.c.h; path = ViewController.h; sourceTree = "<group>"; };
		B922D3DB1D900D55002E02EF /* ViewController.m */ = {isa = PBXFileReference; lastKnownFileType = sourcecode.c.objc; path = ViewController.m; sourceTree = "<group>"; };
		B922D3E01D900D55002E02EF /* Assets.xcassets */ = {isa = PBXFileReference; lastKnownFileType = folder.assetcatalog; path = Assets.xcassets; sourceTree = "<group>"; };
		B922D3E51D900D55002E02EF /* Info.plist */ = {isa = PBXFileReference; lastKnownFileType = text.plist.xml; path = Info.plist; sourceTree = "<group>"; };
		B922D3EC1D900F20002E02EF /* CoreGraphics.framework */ = {isa = PBXFileReference; lastKnownFileType = wrapper.framework; name = CoreGraphics.framework; path = System/Library/Frameworks/CoreGraphics.framework; sourceTree = SDKROOT; };
		B922D4A21D901357002E02EF /* LLObejctDefine.h */ = {isa = PBXFileReference; fileEncoding = 4; lastKnownFileType = sourcecode.c.h; path = LLObejctDefine.h; sourceTree = "<group>"; };
		B922D4A31D901357002E02EF /* LLObejctDefine.m */ = {isa = PBXFileReference; fileEncoding = 4; lastKnownFileType = sourcecode.c.objc; path = LLObejctDefine.m; sourceTree = "<group>"; };
		B922D4B01D90148B002E02EF /* NSArray+DLExtension.h */ = {isa = PBXFileReference; fileEncoding = 4; lastKnownFileType = sourcecode.c.h; path = "NSArray+DLExtension.h"; sourceTree = "<group>"; };
		B922D4B11D90148B002E02EF /* NSArray+DLExtension.m */ = {isa = PBXFileReference; fileEncoding = 4; lastKnownFileType = sourcecode.c.objc; path = "NSArray+DLExtension.m"; sourceTree = "<group>"; };
		B922D4B21D90148B002E02EF /* NSData+MD5.h */ = {isa = PBXFileReference; fileEncoding = 4; lastKnownFileType = sourcecode.c.h; path = "NSData+MD5.h"; sourceTree = "<group>"; };
		B922D4B31D90148B002E02EF /* NSData+MD5.m */ = {isa = PBXFileReference; fileEncoding = 4; lastKnownFileType = sourcecode.c.objc; path = "NSData+MD5.m"; sourceTree = "<group>"; };
		B922D4B41D90148B002E02EF /* NSDate+DLExtension.h */ = {isa = PBXFileReference; fileEncoding = 4; lastKnownFileType = sourcecode.c.h; path = "NSDate+DLExtension.h"; sourceTree = "<group>"; };
		B922D4B51D90148B002E02EF /* NSDate+DLExtension.m */ = {isa = PBXFileReference; fileEncoding = 4; lastKnownFileType = sourcecode.c.objc; path = "NSDate+DLExtension.m"; sourceTree = "<group>"; };
		B922D4B61D90148B002E02EF /* NSDictionary+DLExtension.h */ = {isa = PBXFileReference; fileEncoding = 4; lastKnownFileType = sourcecode.c.h; path = "NSDictionary+DLExtension.h"; sourceTree = "<group>"; };
		B922D4B71D90148B002E02EF /* NSDictionary+DLExtension.m */ = {isa = PBXFileReference; fileEncoding = 4; lastKnownFileType = sourcecode.c.objc; path = "NSDictionary+DLExtension.m"; sourceTree = "<group>"; };
		B922D4B81D90148B002E02EF /* NSObject+DLNotification.h */ = {isa = PBXFileReference; fileEncoding = 4; lastKnownFileType = sourcecode.c.h; path = "NSObject+DLNotification.h"; sourceTree = "<group>"; };
		B922D4B91D90148B002E02EF /* NSObject+DLNotification.m */ = {isa = PBXFileReference; fileEncoding = 4; lastKnownFileType = sourcecode.c.objc; path = "NSObject+DLNotification.m"; sourceTree = "<group>"; };
		B922D4BA1D90148B002E02EF /* NSObject+DLTypeConversion.h */ = {isa = PBXFileReference; fileEncoding = 4; lastKnownFileType = sourcecode.c.h; path = "NSObject+DLTypeConversion.h"; sourceTree = "<group>"; };
		B922D4BB1D90148B002E02EF /* NSObject+DLTypeConversion.m */ = {isa = PBXFileReference; fileEncoding = 4; lastKnownFileType = sourcecode.c.objc; path = "NSObject+DLTypeConversion.m"; sourceTree = "<group>"; };
		B922D4BC1D90148B002E02EF /* NSString+DLExtension.h */ = {isa = PBXFileReference; fileEncoding = 4; lastKnownFileType = sourcecode.c.h; path = "NSString+DLExtension.h"; sourceTree = "<group>"; };
		B922D4BD1D90148B002E02EF /* NSString+DLExtension.m */ = {isa = PBXFileReference; fileEncoding = 4; lastKnownFileType = sourcecode.c.objc; path = "NSString+DLExtension.m"; sourceTree = "<group>"; };
		B922D4BE1D90148B002E02EF /* UIImage+DLExtension.h */ = {isa = PBXFileReference; fileEncoding = 4; lastKnownFileType = sourcecode.c.h; path = "UIImage+DLExtension.h"; sourceTree = "<group>"; };
		B922D4BF1D90148B002E02EF /* UIImage+DLExtension.m */ = {isa = PBXFileReference; fileEncoding = 4; lastKnownFileType = sourcecode.c.objc; path = "UIImage+DLExtension.m"; sourceTree = "<group>"; };
		B922D4C81D90153D002E02EF /* LLLog.h */ = {isa = PBXFileReference; fileEncoding = 4; lastKnownFileType = sourcecode.c.h; path = LLLog.h; sourceTree = "<group>"; };
		B922D4C91D90153D002E02EF /* LLLog.m */ = {isa = PBXFileReference; fileEncoding = 4; lastKnownFileType = sourcecode.c.objc; path = LLLog.m; sourceTree = "<group>"; };
		B922D4CE1D901603002E02EF /* LLPrecompile.h */ = {isa = PBXFileReference; lastKnownFileType = sourcecode.c.h; path = LLPrecompile.h; sourceTree = "<group>"; };
		B922D4CF1D9017E2002E02EF /* LLHttpFormModel.h */ = {isa = PBXFileReference; fileEncoding = 4; lastKnownFileType = sourcecode.c.h; path = LLHttpFormModel.h; sourceTree = "<group>"; };
		B922D4D01D9017E2002E02EF /* LLHttpFormModel.m */ = {isa = PBXFileReference; fileEncoding = 4; lastKnownFileType = sourcecode.c.objc; path = LLHttpFormModel.m; sourceTree = "<group>"; };
		B922D4D21D901B1D002E02EF /* DLSystemInfo.h */ = {isa = PBXFileReference; fileEncoding = 4; lastKnownFileType = sourcecode.c.h; path = DLSystemInfo.h; sourceTree = "<group>"; };
		B922D4D31D901B1D002E02EF /* DLSystemInfo.m */ = {isa = PBXFileReference; fileEncoding = 4; lastKnownFileType = sourcecode.c.objc; path = DLSystemInfo.m; sourceTree = "<group>"; };
		B922D4D91D901E7B002E02EF /* LLSandbox.h */ = {isa = PBXFileReference; fileEncoding = 4; lastKnownFileType = sourcecode.c.h; path = LLSandbox.h; sourceTree = "<group>"; };
		B922D4DA1D901E7B002E02EF /* LLSandbox.m */ = {isa = PBXFileReference; fileEncoding = 4; lastKnownFileType = sourcecode.c.objc; path = LLSandbox.m; sourceTree = "<group>"; };
		B92AF9621D910ACA001DAD4A /* LLCustonTabbarModel.h */ = {isa = PBXFileReference; fileEncoding = 4; lastKnownFileType = sourcecode.c.h; path = LLCustonTabbarModel.h; sourceTree = "<group>"; };
		B92AF9631D910ACA001DAD4A /* LLCustonTabbarModel.m */ = {isa = PBXFileReference; fileEncoding = 4; lastKnownFileType = sourcecode.c.objc; path = LLCustonTabbarModel.m; sourceTree = "<group>"; };
		B92AF9651D91167B001DAD4A /* ViewController1.h */ = {isa = PBXFileReference; fileEncoding = 4; lastKnownFileType = sourcecode.c.h; path = ViewController1.h; sourceTree = "<group>"; };
		B92AF9661D91167B001DAD4A /* ViewController1.m */ = {isa = PBXFileReference; fileEncoding = 4; lastKnownFileType = sourcecode.c.objc; path = ViewController1.m; sourceTree = "<group>"; };
		B92AF9681D911686001DAD4A /* ViewController2.h */ = {isa = PBXFileReference; fileEncoding = 4; lastKnownFileType = sourcecode.c.h; path = ViewController2.h; sourceTree = "<group>"; };
		B92AF9691D911686001DAD4A /* ViewController2.m */ = {isa = PBXFileReference; fileEncoding = 4; lastKnownFileType = sourcecode.c.objc; path = ViewController2.m; sourceTree = "<group>"; };
		B92AF96B1D911690001DAD4A /* ViewController3.h */ = {isa = PBXFileReference; fileEncoding = 4; lastKnownFileType = sourcecode.c.h; path = ViewController3.h; sourceTree = "<group>"; };
		B92AF96C1D911690001DAD4A /* ViewController3.m */ = {isa = PBXFileReference; fileEncoding = 4; lastKnownFileType = sourcecode.c.objc; path = ViewController3.m; sourceTree = "<group>"; };
		B93729F91DCB847200CD0F3B /* JCCollectionViewTagFlowLayout.h */ = {isa = PBXFileReference; fileEncoding = 4; lastKnownFileType = sourcecode.c.h; path = JCCollectionViewTagFlowLayout.h; sourceTree = "<group>"; };
		B93729FA1DCB847200CD0F3B /* JCCollectionViewTagFlowLayout.m */ = {isa = PBXFileReference; fileEncoding = 4; lastKnownFileType = sourcecode.c.objc; path = JCCollectionViewTagFlowLayout.m; sourceTree = "<group>"; };
		B93729FB1DCB847200CD0F3B /* JCTagCell.h */ = {isa = PBXFileReference; fileEncoding = 4; lastKnownFileType = sourcecode.c.h; path = JCTagCell.h; sourceTree = "<group>"; };
		B93729FC1DCB847200CD0F3B /* JCTagCell.m */ = {isa = PBXFileReference; fileEncoding = 4; lastKnownFileType = sourcecode.c.objc; path = JCTagCell.m; sourceTree = "<group>"; };
		B93729FD1DCB847200CD0F3B /* JCTagListView.h */ = {isa = PBXFileReference; fileEncoding = 4; lastKnownFileType = sourcecode.c.h; path = JCTagListView.h; sourceTree = "<group>"; };
		B93729FE1DCB847200CD0F3B /* JCTagListView.m */ = {isa = PBXFileReference; fileEncoding = 4; lastKnownFileType = sourcecode.c.objc; path = JCTagListView.m; sourceTree = "<group>"; };
		B93729FF1DCB847200CD0F3B /* TopModel.h */ = {isa = PBXFileReference; fileEncoding = 4; lastKnownFileType = sourcecode.c.h; path = TopModel.h; sourceTree = "<group>"; };
		B9372A001DCB847200CD0F3B /* TopModel.m */ = {isa = PBXFileReference; fileEncoding = 4; lastKnownFileType = sourcecode.c.objc; path = TopModel.m; sourceTree = "<group>"; };
		B9372A011DCB847200CD0F3B /* TopTenBang.h */ = {isa = PBXFileReference; fileEncoding = 4; lastKnownFileType = sourcecode.c.h; path = TopTenBang.h; sourceTree = "<group>"; };
		B9372A021DCB847200CD0F3B /* TopTenBang.m */ = {isa = PBXFileReference; fileEncoding = 4; lastKnownFileType = sourcecode.c.objc; path = TopTenBang.m; sourceTree = "<group>"; };
		B93806FA1DC1C6A00058ABEF /* LLSpecialCell.h */ = {isa = PBXFileReference; fileEncoding = 4; lastKnownFileType = sourcecode.c.h; path = LLSpecialCell.h; sourceTree = "<group>"; };
		B93806FB1DC1C6A00058ABEF /* LLSpecialCell.m */ = {isa = PBXFileReference; fileEncoding = 4; lastKnownFileType = sourcecode.c.objc; path = LLSpecialCell.m; sourceTree = "<group>"; };
		B93807011DC1FBEE0058ABEF /* YZTagButton.h */ = {isa = PBXFileReference; fileEncoding = 4; lastKnownFileType = sourcecode.c.h; path = YZTagButton.h; sourceTree = "<group>"; };
		B93807021DC1FBEE0058ABEF /* YZTagButton.m */ = {isa = PBXFileReference; fileEncoding = 4; lastKnownFileType = sourcecode.c.objc; path = YZTagButton.m; sourceTree = "<group>"; };
		B93807031DC1FBEE0058ABEF /* YZTagList.h */ = {isa = PBXFileReference; fileEncoding = 4; lastKnownFileType = sourcecode.c.h; path = YZTagList.h; sourceTree = "<group>"; };
		B93807041DC1FBEE0058ABEF /* YZTagList.m */ = {isa = PBXFileReference; fileEncoding = 4; lastKnownFileType = sourcecode.c.objc; path = YZTagList.m; sourceTree = "<group>"; };
		B938070A1DC20BD70058ABEF /* LLShowNeesLogInView.h */ = {isa = PBXFileReference; fileEncoding = 4; lastKnownFileType = sourcecode.c.h; path = LLShowNeesLogInView.h; sourceTree = "<group>"; };
		B938070B1DC20BD70058ABEF /* LLShowNeesLogInView.m */ = {isa = PBXFileReference; fileEncoding = 4; lastKnownFileType = sourcecode.c.objc; path = LLShowNeesLogInView.m; sourceTree = "<group>"; };
		B93FEC931DC8E89100652886 /* testView.h */ = {isa = PBXFileReference; fileEncoding = 4; lastKnownFileType = sourcecode.c.h; path = testView.h; sourceTree = "<group>"; };
		B93FEC941DC8E89100652886 /* testView.m */ = {isa = PBXFileReference; fileEncoding = 4; lastKnownFileType = sourcecode.c.objc; path = testView.m; sourceTree = "<group>"; };
		B93FEC961DC8EA1000652886 /* testView2.h */ = {isa = PBXFileReference; fileEncoding = 4; lastKnownFileType = sourcecode.c.h; path = testView2.h; sourceTree = "<group>"; };
		B93FEC971DC8EA1000652886 /* testView2.m */ = {isa = PBXFileReference; fileEncoding = 4; lastKnownFileType = sourcecode.c.objc; path = testView2.m; sourceTree = "<group>"; };
		B94E374D1DCCE51B0006ADA7 /* MBHudExtention.h */ = {isa = PBXFileReference; fileEncoding = 4; lastKnownFileType = sourcecode.c.h; path = MBHudExtention.h; sourceTree = "<group>"; };
		B94E374E1DCCE51B0006ADA7 /* MBHudExtention.m */ = {isa = PBXFileReference; fileEncoding = 4; lastKnownFileType = sourcecode.c.objc; path = MBHudExtention.m; sourceTree = "<group>"; };
		B96C61B81DBDAA880034B859 /* LLCustomNavBarView.h */ = {isa = PBXFileReference; fileEncoding = 4; lastKnownFileType = sourcecode.c.h; path = LLCustomNavBarView.h; sourceTree = "<group>"; };
		B96C61B91DBDAA880034B859 /* LLCustomNavBarView.m */ = {isa = PBXFileReference; fileEncoding = 4; lastKnownFileType = sourcecode.c.objc; path = LLCustomNavBarView.m; sourceTree = "<group>"; };
		B96C61C71DBDD1BF0034B859 /* LLBaseDataModel.h */ = {isa = PBXFileReference; fileEncoding = 4; lastKnownFileType = sourcecode.c.h; path = LLBaseDataModel.h; sourceTree = "<group>"; };
		B96C61C81DBDD1BF0034B859 /* LLBaseDataModel.m */ = {isa = PBXFileReference; fileEncoding = 4; lastKnownFileType = sourcecode.c.objc; path = LLBaseDataModel.m; sourceTree = "<group>"; };
		B9758F9A1DABF70D00814202 /* DLBaseNavigationController.h */ = {isa = PBXFileReference; fileEncoding = 4; lastKnownFileType = sourcecode.c.h; path = DLBaseNavigationController.h; sourceTree = "<group>"; };
		B9758F9B1DABF70D00814202 /* DLBaseNavigationController.m */ = {isa = PBXFileReference; fileEncoding = 4; lastKnownFileType = sourcecode.c.objc; path = DLBaseNavigationController.m; sourceTree = "<group>"; };
		B97DAFF31DC6483400CEF142 /* TTReqEngine.h */ = {isa = PBXFileReference; fileEncoding = 4; lastKnownFileType = sourcecode.c.h; path = TTReqEngine.h; sourceTree = "<group>"; };
		B97DAFF41DC6483400CEF142 /* TTReqEngine.m */ = {isa = PBXFileReference; fileEncoding = 4; lastKnownFileType = sourcecode.c.objc; path = TTReqEngine.m; sourceTree = "<group>"; };
		B97DAFF51DC6483400CEF142 /* TTReqProtocol.h */ = {isa = PBXFileReference; fileEncoding = 4; lastKnownFileType = sourcecode.c.h; path = TTReqProtocol.h; sourceTree = "<group>"; };
		B97DAFF61DC6483400CEF142 /* TTReqProtocol.m */ = {isa = PBXFileReference; fileEncoding = 4; lastKnownFileType = sourcecode.c.objc; path = TTReqProtocol.m; sourceTree = "<group>"; };
		B97DAFF71DC6483400CEF142 /* TTReqUrl.h */ = {isa = PBXFileReference; fileEncoding = 4; lastKnownFileType = sourcecode.c.h; path = TTReqUrl.h; sourceTree = "<group>"; };
		B97DAFF81DC6483400CEF142 /* TTReqUrl.m */ = {isa = PBXFileReference; fileEncoding = 4; lastKnownFileType = sourcecode.c.objc; path = TTReqUrl.m; sourceTree = "<group>"; };
		B98628011DC0FE160064FF4B /* LLBaseModel.h */ = {isa = PBXFileReference; fileEncoding = 4; lastKnownFileType = sourcecode.c.h; path = LLBaseModel.h; sourceTree = "<group>"; };
		B98628021DC0FE160064FF4B /* LLBaseModel.m */ = {isa = PBXFileReference; fileEncoding = 4; lastKnownFileType = sourcecode.c.objc; path = LLBaseModel.m; sourceTree = "<group>"; };
		B98628041DC105040064FF4B /* DageTest.h */ = {isa = PBXFileReference; fileEncoding = 4; lastKnownFileType = sourcecode.c.h; path = DageTest.h; sourceTree = "<group>"; };
		B98628051DC105040064FF4B /* DageTest.m */ = {isa = PBXFileReference; fileEncoding = 4; lastKnownFileType = sourcecode.c.objc; path = DageTest.m; sourceTree = "<group>"; };
		B986280A1DC1303B0064FF4B /* Homesss.h */ = {isa = PBXFileReference; fileEncoding = 4; lastKnownFileType = sourcecode.c.h; path = Homesss.h; sourceTree = "<group>"; };
		B986280B1DC1303B0064FF4B /* Homesss.m */ = {isa = PBXFileReference; fileEncoding = 4; lastKnownFileType = sourcecode.c.objc; path = Homesss.m; sourceTree = "<group>"; };
		B986280D1DC13C3B0064FF4B /* DogAnimal.h */ = {isa = PBXFileReference; fileEncoding = 4; lastKnownFileType = sourcecode.c.h; path = DogAnimal.h; sourceTree = "<group>"; };
		B986280E1DC13C3B0064FF4B /* DogAnimal.m */ = {isa = PBXFileReference; fileEncoding = 4; lastKnownFileType = sourcecode.c.objc; path = DogAnimal.m; sourceTree = "<group>"; };
		B9865CDB1DC3047C006D06CE /* LLPublickMethed.h */ = {isa = PBXFileReference; fileEncoding = 4; lastKnownFileType = sourcecode.c.h; path = LLPublickMethed.h; sourceTree = "<group>"; };
		B9865CDC1DC3047C006D06CE /* LLPublickMethed.m */ = {isa = PBXFileReference; fileEncoding = 4; lastKnownFileType = sourcecode.c.objc; path = LLPublickMethed.m; sourceTree = "<group>"; };
		B9865D1B1DC32671006D06CE /* Base */ = {isa = PBXFileReference; lastKnownFileType = file.storyboard; name = Base; path = Base.lproj/Main.storyboard; sourceTree = "<group>"; };
		B9865D431DC328DD006D06CE /* Base */ = {isa = PBXFileReference; lastKnownFileType = file.storyboard; name = Base; path = Base.lproj/LaunchScreen.storyboard; sourceTree = "<group>"; };
		B9865D561DC32C14006D06CE /* en */ = {isa = PBXFileReference; lastKnownFileType = text.plist.strings; name = en; path = en.lproj/LaunchScreen.strings; sourceTree = "<group>"; };
		B9865D571DC32C14006D06CE /* en */ = {isa = PBXFileReference; lastKnownFileType = text.plist.strings; name = en; path = en.lproj/Main.strings; sourceTree = "<group>"; };
		B9865D581DC32C14006D06CE /* en */ = {isa = PBXFileReference; lastKnownFileType = text.plist.strings; name = en; path = en.lproj/HWWorldLanguage.strings; sourceTree = "<group>"; };
		B9865D591DC32C2D006D06CE /* ja */ = {isa = PBXFileReference; lastKnownFileType = text.plist.strings; name = ja; path = ja.lproj/LaunchScreen.strings; sourceTree = "<group>"; };
		B9865D5A1DC32C2E006D06CE /* ja */ = {isa = PBXFileReference; lastKnownFileType = text.plist.strings; name = ja; path = ja.lproj/Main.strings; sourceTree = "<group>"; };
		B9865D5B1DC32C2E006D06CE /* ja */ = {isa = PBXFileReference; lastKnownFileType = text.plist.strings; name = ja; path = ja.lproj/HWWorldLanguage.strings; sourceTree = "<group>"; };
		B9865D5C1DC32C59006D06CE /* zh-Hans-CN */ = {isa = PBXFileReference; lastKnownFileType = text.plist.strings; name = "zh-Hans-CN"; path = "zh-Hans-CN.lproj/LaunchScreen.strings"; sourceTree = "<group>"; };
		B9865D5D1DC32C59006D06CE /* zh-Hans-CN */ = {isa = PBXFileReference; lastKnownFileType = text.plist.strings; name = "zh-Hans-CN"; path = "zh-Hans-CN.lproj/Main.strings"; sourceTree = "<group>"; };
		B9865D5E1DC32C5A006D06CE /* zh-Hans-CN */ = {isa = PBXFileReference; lastKnownFileType = text.plist.strings; name = "zh-Hans-CN"; path = "zh-Hans-CN.lproj/HWWorldLanguage.strings"; sourceTree = "<group>"; };
		B9FCF6CC1DBB6E7900EF2A98 /* NewFrame.h */ = {isa = PBXFileReference; lastKnownFileType = sourcecode.c.h; path = NewFrame.h; sourceTree = "<group>"; };
		B9FCF6CD1DBB774400EF2A98 /* LLShareView.h */ = {isa = PBXFileReference; fileEncoding = 4; lastKnownFileType = sourcecode.c.h; path = LLShareView.h; sourceTree = "<group>"; };
		B9FCF6CE1DBB774400EF2A98 /* LLShareView.m */ = {isa = PBXFileReference; fileEncoding = 4; lastKnownFileType = sourcecode.c.objc; path = LLShareView.m; sourceTree = "<group>"; };
/* End PBXFileReference section */

/* Begin PBXFrameworksBuildPhase section */
		B922D3CE1D900D55002E02EF /* Frameworks */ = {
			isa = PBXFrameworksBuildPhase;
			buildActionMask = 2147483647;
			files = (
				B98628071DC106E80064FF4B /* Realm.framework in Frameworks */,
				B90EC4611DC0D63100D9A49B /* Realm.framework in Frameworks */,
				B922D3ED1D900F20002E02EF /* CoreGraphics.framework in Frameworks */,
				1EB361D7C3EE841E6CFD1C24 /* libPods-MyTestForNewFrameWork.a in Frameworks */,
			);
			runOnlyForDeploymentPostprocessing = 0;
		};
/* End PBXFrameworksBuildPhase section */

/* Begin PBXGroup section */
		AEBD4F72AC1F590A5E21186D /* Pods */ = {
			isa = PBXGroup;
			children = (
				72FCE661364C6BC9B4C245C1 /* Pods-MyTestForNewFrameWork.debug.xcconfig */,
				A6E45D93703914C81EC6DABF /* Pods-MyTestForNewFrameWork.release.xcconfig */,
			);
			name = Pods;
			sourceTree = "<group>";
		};
		B9053CBE1DC091B900124151 /* StickyHeaderFlowLayout */ = {
			isa = PBXGroup;
			children = (
				B9053CBF1DC091B900124151 /* UIView+Helpers.h */,
				B9053CC01DC091B900124151 /* UIView+Helpers.m */,
				B9053CC11DC091B900124151 /* YLStickyHeaderFlowLayout.h */,
				B9053CC21DC091B900124151 /* YLStickyHeaderFlowLayout.m */,
			);
			path = StickyHeaderFlowLayout;
			sourceTree = "<group>";
		};
		B9053CD51DC0928600124151 /* Discovery1 */ = {
			isa = PBXGroup;
			children = (
				B9053CD91DC0998900124151 /* Cell */,
				B9053CDA1DC0998900124151 /* Model */,
				B9053CDB1DC0998900124151 /* View */,
				B9053CD61DC0929A00124151 /* LLDiscoveryViewController.h */,
				B9053CD71DC0929A00124151 /* LLDiscoveryViewController.m */,
			);
			path = Discovery1;
			sourceTree = "<group>";
		};
		B9053CD91DC0998900124151 /* Cell */ = {
			isa = PBXGroup;
			children = (
				B9053CDC1DC099CA00124151 /* LLAdvertisementCell.h */,
				B9053CDD1DC099CA00124151 /* LLAdvertisementCell.m */,
				B93806FA1DC1C6A00058ABEF /* LLSpecialCell.h */,
				B93806FB1DC1C6A00058ABEF /* LLSpecialCell.m */,
			);
			path = Cell;
			sourceTree = "<group>";
		};
		B9053CDA1DC0998900124151 /* Model */ = {
			isa = PBXGroup;
			children = (
			);
			path = Model;
			sourceTree = "<group>";
		};
		B9053CDB1DC0998900124151 /* View */ = {
			isa = PBXGroup;
			children = (
			);
			path = View;
			sourceTree = "<group>";
		};
		B9053CDF1DC09A1E00124151 /* SDCycleScrollView */ = {
			isa = PBXGroup;
			children = (
				B9053CE01DC09A1E00124151 /* PageControl */,
				B9053CE91DC09A1E00124151 /* SDCollectionViewCell.h */,
				B9053CEA1DC09A1E00124151 /* SDCollectionViewCell.m */,
				B9053CEB1DC09A1E00124151 /* SDCycleScrollView.h */,
				B9053CEC1DC09A1E00124151 /* SDCycleScrollView.m */,
				B9053CED1DC09A1E00124151 /* UIView+SDExtension.h */,
				B9053CEE1DC09A1E00124151 /* UIView+SDExtension.m */,
			);
			path = SDCycleScrollView;
			sourceTree = "<group>";
		};
		B9053CE01DC09A1E00124151 /* PageControl */ = {
			isa = PBXGroup;
			children = (
				B9053CE11DC09A1E00124151 /* TAAbstractDotView.h */,
				B9053CE21DC09A1E00124151 /* TAAbstractDotView.m */,
				B9053CE31DC09A1E00124151 /* TAAnimatedDotView.h */,
				B9053CE41DC09A1E00124151 /* TAAnimatedDotView.m */,
				B9053CE51DC09A1E00124151 /* TADotView.h */,
				B9053CE61DC09A1E00124151 /* TADotView.m */,
				B9053CE71DC09A1E00124151 /* TAPageControl.h */,
				B9053CE81DC09A1E00124151 /* TAPageControl.m */,
			);
			path = PageControl;
			sourceTree = "<group>";
		};
		B90EC45F1DC0D63100D9A49B /* Reaml */ = {
			isa = PBXGroup;
			children = (
				B90EC4601DC0D63100D9A49B /* Realm.framework */,
			);
			path = Reaml;
			sourceTree = "<group>";
		};
		B9184AC41DBF069400150301 /* loginViewController */ = {
			isa = PBXGroup;
			children = (
				B9184AC51DBF069400150301 /* Model */,
			);
			path = loginViewController;
			sourceTree = "<group>";
		};
		B9184AC51DBF069400150301 /* Model */ = {
			isa = PBXGroup;
			children = (
				B9184AC61DBF076600150301 /* LLUserLoginReturnModel.h */,
				B9184AC71DBF076600150301 /* LLUserLoginReturnModel.m */,
			);
			path = Model;
			sourceTree = "<group>";
		};
		B91993621D91610800CF3295 /* Cell */ = {
			isa = PBXGroup;
			children = (
			);
			path = Cell;
			sourceTree = "<group>";
		};
		B91993631D91610800CF3295 /* Service */ = {
			isa = PBXGroup;
			children = (
				B93729F81DCB847200CD0F3B /* CollectionLabel */,
				B91993641D91610800CF3295 /* Base64 */,
				B91993671D91610800CF3295 /* Cache */,
				B919936E1D91610800CF3295 /* CCLocation */,
				B91993711D91610800CF3295 /* Des */,
				B91993741D91610800CF3295 /* firstPinyin */,
				B91993771D91610800CF3295 /* Json */,
				B91993921D91610800CF3295 /* MD5 */,
				B91993951D91610800CF3295 /* Network */,
				B91993C51D91610800CF3295 /* OpenUDID */,
				B91993C81D91610800CF3295 /* SVProgressHUD */,
				B91993CE1D91610800CF3295 /* SVPullToRefresh */,
				B91993D41D91610800CF3295 /* UIViewAnimation */,
				B91993D71D91610800CF3295 /* Xml */,
			);
			path = Service;
			sourceTree = "<group>";
		};
		B91993641D91610800CF3295 /* Base64 */ = {
			isa = PBXGroup;
			children = (
				B91993651D91610800CF3295 /* DLBase64.h */,
				B91993661D91610800CF3295 /* DLBase64.m */,
			);
			path = Base64;
			sourceTree = "<group>";
		};
		B91993671D91610800CF3295 /* Cache */ = {
			isa = PBXGroup;
			children = (
				B91993681D91610800CF3295 /* DLCache.h */,
				B91993691D91610800CF3295 /* DLCache.m */,
				B919936A1D91610800CF3295 /* DLKeychain.h */,
				B919936B1D91610800CF3295 /* DLKeychain.m */,
				B919936C1D91610800CF3295 /* DLUserDefaults.h */,
				B919936D1D91610800CF3295 /* DLUserDefaults.m */,
			);
			path = Cache;
			sourceTree = "<group>";
		};
		B919936E1D91610800CF3295 /* CCLocation */ = {
			isa = PBXGroup;
			children = (
				B919936F1D91610800CF3295 /* DLLocationManager.h */,
				B91993701D91610800CF3295 /* DLLocationManager.m */,
			);
			path = CCLocation;
			sourceTree = "<group>";
		};
		B91993711D91610800CF3295 /* Des */ = {
			isa = PBXGroup;
			children = (
				B91993721D91610800CF3295 /* NSData+DLDes.h */,
				B91993731D91610800CF3295 /* NSData+DLDes.m */,
			);
			path = Des;
			sourceTree = "<group>";
		};
		B91993741D91610800CF3295 /* firstPinyin */ = {
			isa = PBXGroup;
			children = (
				B91993751D91610800CF3295 /* DLPinyin.c */,
				B91993761D91610800CF3295 /* DLPinyin.h */,
			);
			path = firstPinyin;
			sourceTree = "<group>";
		};
		B91993771D91610800CF3295 /* Json */ = {
			isa = PBXGroup;
			children = (
				B91993781D91610800CF3295 /* SBJson */,
			);
			path = Json;
			sourceTree = "<group>";
		};
		B91993781D91610800CF3295 /* SBJson */ = {
			isa = PBXGroup;
			children = (
				B91993791D91610800CF3295 /* NSObject+SBJson.h */,
				B919937A1D91610800CF3295 /* NSObject+SBJson.m */,
				B919937B1D91610800CF3295 /* SBJson.h */,
				B919937C1D91610800CF3295 /* SBJsonParser.h */,
				B919937D1D91610800CF3295 /* SBJsonParser.m */,
				B919937E1D91610800CF3295 /* SBJsonStreamParser.h */,
				B919937F1D91610800CF3295 /* SBJsonStreamParser.m */,
				B91993801D91610800CF3295 /* SBJsonStreamParserAccumulator.h */,
				B91993811D91610800CF3295 /* SBJsonStreamParserAccumulator.m */,
				B91993821D91610800CF3295 /* SBJsonStreamParserAdapter.h */,
				B91993831D91610800CF3295 /* SBJsonStreamParserAdapter.m */,
				B91993841D91610800CF3295 /* SBJsonStreamParserState.h */,
				B91993851D91610800CF3295 /* SBJsonStreamParserState.m */,
				B91993861D91610800CF3295 /* SBJsonStreamWriter.h */,
				B91993871D91610800CF3295 /* SBJsonStreamWriter.m */,
				B91993881D91610800CF3295 /* SBJsonStreamWriterAccumulator.h */,
				B91993891D91610800CF3295 /* SBJsonStreamWriterAccumulator.m */,
				B919938A1D91610800CF3295 /* SBJsonStreamWriterState.h */,
				B919938B1D91610800CF3295 /* SBJsonStreamWriterState.m */,
				B919938C1D91610800CF3295 /* SBJsonTokeniser.h */,
				B919938D1D91610800CF3295 /* SBJsonTokeniser.m */,
				B919938E1D91610800CF3295 /* SBJsonUTF8Stream.h */,
				B919938F1D91610800CF3295 /* SBJsonUTF8Stream.m */,
				B91993901D91610800CF3295 /* SBJsonWriter.h */,
				B91993911D91610800CF3295 /* SBJsonWriter.m */,
			);
			path = SBJson;
			sourceTree = "<group>";
		};
		B91993921D91610800CF3295 /* MD5 */ = {
			isa = PBXGroup;
			children = (
				B91993931D91610800CF3295 /* NSString+MD5.h */,
				B91993941D91610800CF3295 /* NSString+MD5.m */,
			);
			path = MD5;
			sourceTree = "<group>";
		};
		B91993951D91610800CF3295 /* Network */ = {
			isa = PBXGroup;
			children = (
				B91993961D91610800CF3295 /* Http */,
				B91993BF1D91610800CF3295 /* Socket */,
			);
			path = Network;
			sourceTree = "<group>";
		};
		B91993961D91610800CF3295 /* Http */ = {
			isa = PBXGroup;
			children = (
				B91993AB1D91610800CF3295 /* DLHttpHelper.h */,
				B91993AC1D91610800CF3295 /* DLHttpHelper.m */,
			);
			path = Http;
			sourceTree = "<group>";
		};
		B91993BF1D91610800CF3295 /* Socket */ = {
			isa = PBXGroup;
			children = (
				B91993C01D91610800CF3295 /* AsyncSocket */,
			);
			path = Socket;
			sourceTree = "<group>";
		};
		B91993C01D91610800CF3295 /* AsyncSocket */ = {
			isa = PBXGroup;
			children = (
				B91993C11D91610800CF3295 /* AsyncSocket.h */,
				B91993C21D91610800CF3295 /* AsyncSocket.m */,
				B91993C31D91610800CF3295 /* AsyncUdpSocket.h */,
				B91993C41D91610800CF3295 /* AsyncUdpSocket.m */,
			);
			path = AsyncSocket;
			sourceTree = "<group>";
		};
		B91993C51D91610800CF3295 /* OpenUDID */ = {
			isa = PBXGroup;
			children = (
				B91993C61D91610800CF3295 /* DLOpenUDID.h */,
				B91993C71D91610800CF3295 /* DLOpenUDID.m */,
			);
			path = OpenUDID;
			sourceTree = "<group>";
		};
		B91993C81D91610800CF3295 /* SVProgressHUD */ = {
			isa = PBXGroup;
			children = (
				B91993C91D91610800CF3295 /* SVProgressGifHUD.h */,
				B91993CA1D91610800CF3295 /* SVProgressGifHUD.m */,
				B91993CB1D91610800CF3295 /* SVProgressHUD.bundle */,
				B91993CC1D91610800CF3295 /* SVProgressHUD.h */,
				B91993CD1D91610800CF3295 /* SVProgressHUD.m */,
			);
			path = SVProgressHUD;
			sourceTree = "<group>";
		};
		B91993CE1D91610800CF3295 /* SVPullToRefresh */ = {
			isa = PBXGroup;
			children = (
				B91993CF1D91610800CF3295 /* SVPullToRefresh.h */,
				B91993D01D91610800CF3295 /* UIScrollView+SVInfiniteScrolling.h */,
				B91993D11D91610800CF3295 /* UIScrollView+SVInfiniteScrolling.m */,
				B91993D21D91610800CF3295 /* UIScrollView+SVPullToRefresh.h */,
				B91993D31D91610800CF3295 /* UIScrollView+SVPullToRefresh.m */,
			);
			path = SVPullToRefresh;
			sourceTree = "<group>";
		};
		B91993D41D91610800CF3295 /* UIViewAnimation */ = {
			isa = PBXGroup;
			children = (
				B91993D51D91610800CF3295 /* UIView+Animation.h */,
				B91993D61D91610800CF3295 /* UIView+Animation.m */,
			);
			path = UIViewAnimation;
			sourceTree = "<group>";
		};
		B91993D71D91610800CF3295 /* Xml */ = {
			isa = PBXGroup;
			children = (
				B91993D81D91610800CF3295 /* XMLDictionary */,
			);
			path = Xml;
			sourceTree = "<group>";
		};
		B91993D81D91610800CF3295 /* XMLDictionary */ = {
			isa = PBXGroup;
			children = (
				B91993D91D91610800CF3295 /* DLXMLDictionary.h */,
				B91993DA1D91610800CF3295 /* DLXMLDictionary.m */,
			);
			path = XMLDictionary;
			sourceTree = "<group>";
		};
		B91993E81D91610800CF3295 /* View */ = {
			isa = PBXGroup;
			children = (
				B91994221D91613E00CF3295 /* SUCustomTabbar.h */,
				B91994231D91613E00CF3295 /* SUCustomTabbar.m */,
				B9FCF6CD1DBB774400EF2A98 /* LLShareView.h */,
				B9FCF6CE1DBB774400EF2A98 /* LLShareView.m */,
				B96C61B81DBDAA880034B859 /* LLCustomNavBarView.h */,
				B96C61B91DBDAA880034B859 /* LLCustomNavBarView.m */,
				B938070A1DC20BD70058ABEF /* LLShowNeesLogInView.h */,
				B938070B1DC20BD70058ABEF /* LLShowNeesLogInView.m */,
				B93FEC931DC8E89100652886 /* testView.h */,
				B93FEC941DC8E89100652886 /* testView.m */,
				B93FEC961DC8EA1000652886 /* testView2.h */,
				B93FEC971DC8EA1000652886 /* testView2.m */,
			);
			path = View;
			sourceTree = "<group>";
		};
		B91993E91D91610800CF3295 /* ViewController */ = {
			isa = PBXGroup;
			children = (
				B9758F9A1DABF70D00814202 /* DLBaseNavigationController.h */,
				B9758F9B1DABF70D00814202 /* DLBaseNavigationController.m */,
				B91993EA1D91610800CF3295 /* UITabBarController+Custom.h */,
				B91993EB1D91610800CF3295 /* UITabBarController+Custom.m */,
				B91994261D91642700CF3295 /* UIViewController+LLCustom.h */,
				B91994271D91642700CF3295 /* UIViewController+LLCustom.m */,
				B91EA2241D93645E00023291 /* LLBaseViewController.h */,
				B91EA2251D93645E00023291 /* LLBaseViewController.m */,
			);
			path = ViewController;
			sourceTree = "<group>";
		};
		B922D3C81D900D55002E02EF = {
			isa = PBXGroup;
			children = (
				B9865D551DC32BEA006D06CE /* HWWorldLanguage.strings */,
				B922D3EB1D900ED2002E02EF /* Frameworks */,
				B922D3D31D900D55002E02EF /* MyTestForNewFrameWork */,
				B922D3D21D900D55002E02EF /* Products */,
				AEBD4F72AC1F590A5E21186D /* Pods */,
			);
			sourceTree = "<group>";
		};
		B922D3D21D900D55002E02EF /* Products */ = {
			isa = PBXGroup;
			children = (
				B922D3D11D900D55002E02EF /* MyTestForNewFrameWork.app */,
			);
			name = Products;
			sourceTree = "<group>";
		};
		B922D3D31D900D55002E02EF /* MyTestForNewFrameWork */ = {
			isa = PBXGroup;
			children = (
				B922D3D71D900D55002E02EF /* AppDelegate.h */,
				B922D3D81D900D55002E02EF /* AppDelegate.mm */,
				B922D3DA1D900D55002E02EF /* ViewController.h */,
				B922D3DB1D900D55002E02EF /* ViewController.m */,
				B922D3F51D901226002E02EF /* LLFramework */,
				B922D3EE1D900F35002E02EF /* Souce */,
				B922D3D41D900D55002E02EF /* Supporting Files */,
			);
			path = MyTestForNewFrameWork;
			sourceTree = "<group>";
		};
		B922D3D41D900D55002E02EF /* Supporting Files */ = {
			isa = PBXGroup;
			children = (
				B9865D421DC328DD006D06CE /* LaunchScreen.storyboard */,
				B9865D1A1DC32671006D06CE /* Main.storyboard */,
				B922D3E51D900D55002E02EF /* Info.plist */,
				B922D3E01D900D55002E02EF /* Assets.xcassets */,
				B922D3D51D900D55002E02EF /* main.m */,
				B9FCF6CC1DBB6E7900EF2A98 /* NewFrame.h */,
			);
			name = "Supporting Files";
			sourceTree = "<group>";
		};
		B922D3EB1D900ED2002E02EF /* Frameworks */ = {
			isa = PBXGroup;
			children = (
				B922D3EC1D900F20002E02EF /* CoreGraphics.framework */,
				33D917BAD42326713B1EEBED /* libPods-MyTestForNewFrameWork.a */,
			);
			name = Frameworks;
			sourceTree = "<group>";
		};
		B922D3EE1D900F35002E02EF /* Souce */ = {
			isa = PBXGroup;
			children = (
				B922D3EF1D900F35002E02EF /* Libs */,
				B922D3F01D900F35002E02EF /* Model */,
				B922D3F11D900F35002E02EF /* Protocol */,
				B922D3F21D900F35002E02EF /* Resouces */,
				B922D3F31D900F35002E02EF /* ViewController */,
			);
			path = Souce;
			sourceTree = "<group>";
		};
		B922D3EF1D900F35002E02EF /* Libs */ = {
			isa = PBXGroup;
			children = (
				B93807001DC1FBEE0058ABEF /* YZTagList */,
				B90EC45F1DC0D63100D9A49B /* Reaml */,
				B9053CDF1DC09A1E00124151 /* SDCycleScrollView */,
				B9053CBE1DC091B900124151 /* StickyHeaderFlowLayout */,
			);
			path = Libs;
			sourceTree = "<group>";
		};
		B922D3F01D900F35002E02EF /* Model */ = {
			isa = PBXGroup;
			children = (
			);
			path = Model;
			sourceTree = "<group>";
		};
		B922D3F11D900F35002E02EF /* Protocol */ = {
			isa = PBXGroup;
			children = (
				B97DAFF31DC6483400CEF142 /* TTReqEngine.h */,
				B97DAFF41DC6483400CEF142 /* TTReqEngine.m */,
				B97DAFF51DC6483400CEF142 /* TTReqProtocol.h */,
				B97DAFF61DC6483400CEF142 /* TTReqProtocol.m */,
				B97DAFF71DC6483400CEF142 /* TTReqUrl.h */,
				B97DAFF81DC6483400CEF142 /* TTReqUrl.m */,
			);
			path = Protocol;
			sourceTree = "<group>";
		};
		B922D3F21D900F35002E02EF /* Resouces */ = {
			isa = PBXGroup;
			children = (
			);
			path = Resouces;
			sourceTree = "<group>";
		};
		B922D3F31D900F35002E02EF /* ViewController */ = {
			isa = PBXGroup;
			children = (
				B9053CD51DC0928600124151 /* Discovery1 */,
				B9184AC41DBF069400150301 /* loginViewController */,
				B92AF9651D91167B001DAD4A /* ViewController1.h */,
				B92AF9661D91167B001DAD4A /* ViewController1.m */,
				B92AF9681D911686001DAD4A /* ViewController2.h */,
				B92AF9691D911686001DAD4A /* ViewController2.m */,
				B92AF96B1D911690001DAD4A /* ViewController3.h */,
				B92AF96C1D911690001DAD4A /* ViewController3.m */,
				B91CAD231D9298FE00C7F269 /* viewController4.h */,
				B91CAD241D9298FE00C7F269 /* viewController4.m */,
				B90275D21DCDEC1E00755057 /* LLVideoPlayController.h */,
				B90275D31DCDEC1E00755057 /* LLVideoPlayController.m */,
				B90275CF1DCDDDF900755057 /* LLWebViewController.h */,
				B90275D01DCDDDF900755057 /* LLWebViewController.m */,
			);
			path = ViewController;
			sourceTree = "<group>";
		};
		B922D3F51D901226002E02EF /* LLFramework */ = {
			isa = PBXGroup;
			children = (
				B919942C1D916C8A00CF3295 /* Defaultype.h */,
				B94E374D1DCCE51B0006ADA7 /* MBHudExtention.h */,
				B94E374E1DCCE51B0006ADA7 /* MBHudExtention.m */,
				B9865CDB1DC3047C006D06CE /* LLPublickMethed.h */,
				B9865CDC1DC3047C006D06CE /* LLPublickMethed.m */,
				B91993621D91610800CF3295 /* Cell */,
				B91993631D91610800CF3295 /* Service */,
				B91993E81D91610800CF3295 /* View */,
				B91993E91D91610800CF3295 /* ViewController */,
				B92AF9611D910ACA001DAD4A /* Model */,
				B922D4A11D901338002E02EF /* Foundation */,
			);
			path = LLFramework;
			sourceTree = "<group>";
		};
		B922D4A11D901338002E02EF /* Foundation */ = {
			isa = PBXGroup;
			children = (
				B922D4D91D901E7B002E02EF /* LLSandbox.h */,
				B922D4DA1D901E7B002E02EF /* LLSandbox.m */,
				B922D4D21D901B1D002E02EF /* DLSystemInfo.h */,
				B922D4D31D901B1D002E02EF /* DLSystemInfo.m */,
				B922D4A21D901357002E02EF /* LLObejctDefine.h */,
				B922D4A31D901357002E02EF /* LLObejctDefine.m */,
				B922D4C81D90153D002E02EF /* LLLog.h */,
				B922D4C91D90153D002E02EF /* LLLog.m */,
				B922D4CE1D901603002E02EF /* LLPrecompile.h */,
				B922D4CF1D9017E2002E02EF /* LLHttpFormModel.h */,
				B922D4D01D9017E2002E02EF /* LLHttpFormModel.m */,
				B922D4AF1D90148B002E02EF /* extension */,
				B91DA8A61DBBBC4B0042EFBB /* Foundation_head.h */,
			);
			path = Foundation;
			sourceTree = "<group>";
		};
		B922D4AF1D90148B002E02EF /* extension */ = {
			isa = PBXGroup;
			children = (
				B922D4B01D90148B002E02EF /* NSArray+DLExtension.h */,
				B922D4B11D90148B002E02EF /* NSArray+DLExtension.m */,
				B922D4B21D90148B002E02EF /* NSData+MD5.h */,
				B922D4B31D90148B002E02EF /* NSData+MD5.m */,
				B922D4B41D90148B002E02EF /* NSDate+DLExtension.h */,
				B922D4B51D90148B002E02EF /* NSDate+DLExtension.m */,
				B922D4B61D90148B002E02EF /* NSDictionary+DLExtension.h */,
				B922D4B71D90148B002E02EF /* NSDictionary+DLExtension.m */,
				B922D4B81D90148B002E02EF /* NSObject+DLNotification.h */,
				B922D4B91D90148B002E02EF /* NSObject+DLNotification.m */,
				B922D4BA1D90148B002E02EF /* NSObject+DLTypeConversion.h */,
				B922D4BB1D90148B002E02EF /* NSObject+DLTypeConversion.m */,
				B922D4BC1D90148B002E02EF /* NSString+DLExtension.h */,
				B922D4BD1D90148B002E02EF /* NSString+DLExtension.m */,
				B922D4BE1D90148B002E02EF /* UIImage+DLExtension.h */,
				B922D4BF1D90148B002E02EF /* UIImage+DLExtension.m */,
			);
			path = extension;
			sourceTree = "<group>";
		};
		B92AF9611D910ACA001DAD4A /* Model */ = {
			isa = PBXGroup;
			children = (
				B92AF9621D910ACA001DAD4A /* LLCustonTabbarModel.h */,
				B92AF9631D910ACA001DAD4A /* LLCustonTabbarModel.m */,
				B96C61C71DBDD1BF0034B859 /* LLBaseDataModel.h */,
				B96C61C81DBDD1BF0034B859 /* LLBaseDataModel.m */,
				B90EC4621DC0D6C300D9A49B /* Person.h */,
				B90EC4631DC0D6C300D9A49B /* Person.m */,
				B986280A1DC1303B0064FF4B /* Homesss.h */,
				B986280B1DC1303B0064FF4B /* Homesss.m */,
				B98628041DC105040064FF4B /* DageTest.h */,
				B98628051DC105040064FF4B /* DageTest.m */,
				B986280D1DC13C3B0064FF4B /* DogAnimal.h */,
				B986280E1DC13C3B0064FF4B /* DogAnimal.m */,
				B98628011DC0FE160064FF4B /* LLBaseModel.h */,
				B98628021DC0FE160064FF4B /* LLBaseModel.m */,
			);
			path = Model;
			sourceTree = "<group>";
		};
		B93729F81DCB847200CD0F3B /* CollectionLabel */ = {
			isa = PBXGroup;
			children = (
				B93729F91DCB847200CD0F3B /* JCCollectionViewTagFlowLayout.h */,
				B93729FA1DCB847200CD0F3B /* JCCollectionViewTagFlowLayout.m */,
				B93729FB1DCB847200CD0F3B /* JCTagCell.h */,
				B93729FC1DCB847200CD0F3B /* JCTagCell.m */,
				B93729FD1DCB847200CD0F3B /* JCTagListView.h */,
				B93729FE1DCB847200CD0F3B /* JCTagListView.m */,
				B93729FF1DCB847200CD0F3B /* TopModel.h */,
				B9372A001DCB847200CD0F3B /* TopModel.m */,
				B9372A011DCB847200CD0F3B /* TopTenBang.h */,
				B9372A021DCB847200CD0F3B /* TopTenBang.m */,
			);
			path = CollectionLabel;
			sourceTree = "<group>";
		};
		B93807001DC1FBEE0058ABEF /* YZTagList */ = {
			isa = PBXGroup;
			children = (
				B93807011DC1FBEE0058ABEF /* YZTagButton.h */,
				B93807021DC1FBEE0058ABEF /* YZTagButton.m */,
				B93807031DC1FBEE0058ABEF /* YZTagList.h */,
				B93807041DC1FBEE0058ABEF /* YZTagList.m */,
			);
			path = YZTagList;
			sourceTree = "<group>";
		};
/* End PBXGroup section */

/* Begin PBXNativeTarget section */
		B922D3D01D900D55002E02EF /* MyTestForNewFrameWork */ = {
			isa = PBXNativeTarget;
			buildConfigurationList = B922D3E81D900D55002E02EF /* Build configuration list for PBXNativeTarget "MyTestForNewFrameWork" */;
			buildPhases = (
				A2E6197445F775B758C80F55 /* [CP] Check Pods Manifest.lock */,
				B922D3CD1D900D55002E02EF /* Sources */,
				B922D3CE1D900D55002E02EF /* Frameworks */,
				B922D3CF1D900D55002E02EF /* Resources */,
				08BE365C631842B28A99D3EA /* [CP] Embed Pods Frameworks */,
				D7C2593A9A085F35B37802F4 /* [CP] Copy Pods Resources */,
				B98628091DC106E80064FF4B /* Embed Frameworks */,
			);
			buildRules = (
			);
			dependencies = (
			);
			name = MyTestForNewFrameWork;
			productName = MyTestForNewFrameWork;
			productReference = B922D3D11D900D55002E02EF /* MyTestForNewFrameWork.app */;
			productType = "com.apple.product-type.application";
		};
/* End PBXNativeTarget section */

/* Begin PBXProject section */
		B922D3C91D900D55002E02EF /* Project object */ = {
			isa = PBXProject;
			attributes = {
				KnownAssetTags = (
					Localizable,
				);
				LastUpgradeCheck = 0730;
				ORGANIZATIONNAME = leiyukeyi;
				TargetAttributes = {
					B922D3D01D900D55002E02EF = {
						CreatedOnToolsVersion = 7.3.1;
						DevelopmentTeam = V5AADJBKQL;
						ProvisioningStyle = Automatic;
					};
				};
			};
			buildConfigurationList = B922D3CC1D900D55002E02EF /* Build configuration list for PBXProject "MyTestForNewFrameWork" */;
			compatibilityVersion = "Xcode 3.2";
			developmentRegion = English;
			hasScannedForEncodings = 0;
			knownRegions = (
				en,
				"en-UM",
				"zh-Hans",
				Base,
				ja,
				"zh-Hans-CN",
			);
			mainGroup = B922D3C81D900D55002E02EF;
			productRefGroup = B922D3D21D900D55002E02EF /* Products */;
			projectDirPath = "";
			projectRoot = "";
			targets = (
				B922D3D01D900D55002E02EF /* MyTestForNewFrameWork */,
			);
		};
/* End PBXProject section */

/* Begin PBXResourcesBuildPhase section */
		B922D3CF1D900D55002E02EF /* Resources */ = {
			isa = PBXResourcesBuildPhase;
			buildActionMask = 2147483647;
			files = (
				B9865D021DC3232A006D06CE /* Info.plist in Resources */,
				B922D3E11D900D55002E02EF /* Assets.xcassets in Resources */,
				B9865D441DC328DD006D06CE /* LaunchScreen.storyboard in Resources */,
				B91994161D91610800CF3295 /* SVProgressHUD.bundle in Resources */,
				B9865D531DC32BEA006D06CE /* HWWorldLanguage.strings in Resources */,
				B9865D1C1DC32671006D06CE /* Main.storyboard in Resources */,
			);
			runOnlyForDeploymentPostprocessing = 0;
		};
/* End PBXResourcesBuildPhase section */

/* Begin PBXShellScriptBuildPhase section */
		08BE365C631842B28A99D3EA /* [CP] Embed Pods Frameworks */ = {
			isa = PBXShellScriptBuildPhase;
			buildActionMask = 2147483647;
			files = (
			);
			inputPaths = (
			);
			name = "[CP] Embed Pods Frameworks";
			outputPaths = (
			);
			runOnlyForDeploymentPostprocessing = 0;
			shellPath = /bin/sh;
			shellScript = "\"${SRCROOT}/Pods/Target Support Files/Pods-MyTestForNewFrameWork/Pods-MyTestForNewFrameWork-frameworks.sh\"\n";
			showEnvVarsInLog = 0;
		};
		A2E6197445F775B758C80F55 /* [CP] Check Pods Manifest.lock */ = {
			isa = PBXShellScriptBuildPhase;
			buildActionMask = 2147483647;
			files = (
			);
			inputPaths = (
			);
			name = "[CP] Check Pods Manifest.lock";
			outputPaths = (
			);
			runOnlyForDeploymentPostprocessing = 0;
			shellPath = /bin/sh;
			shellScript = "diff \"${PODS_ROOT}/../Podfile.lock\" \"${PODS_ROOT}/Manifest.lock\" > /dev/null\nif [ $? != 0 ] ; then\n    # print error to STDERR\n    echo \"error: The sandbox is not in sync with the Podfile.lock. Run 'pod install' or update your CocoaPods installation.\" >&2\n    exit 1\nfi\n";
			showEnvVarsInLog = 0;
		};
		D7C2593A9A085F35B37802F4 /* [CP] Copy Pods Resources */ = {
			isa = PBXShellScriptBuildPhase;
			buildActionMask = 2147483647;
			files = (
			);
			inputPaths = (
			);
			name = "[CP] Copy Pods Resources";
			outputPaths = (
			);
			runOnlyForDeploymentPostprocessing = 0;
			shellPath = /bin/sh;
			shellScript = "\"${SRCROOT}/Pods/Target Support Files/Pods-MyTestForNewFrameWork/Pods-MyTestForNewFrameWork-resources.sh\"\n";
			showEnvVarsInLog = 0;
		};
/* End PBXShellScriptBuildPhase section */

/* Begin PBXSourcesBuildPhase section */
		B922D3CD1D900D55002E02EF /* Sources */ = {
			isa = PBXSourcesBuildPhase;
			buildActionMask = 2147483647;
			files = (
				B91993F81D91610800CF3295 /* SBJsonStreamParserState.m in Sources */,
				B91993FE1D91610800CF3295 /* SBJsonWriter.m in Sources */,
				B91993FF1D91610800CF3295 /* NSString+MD5.m in Sources */,
				B922D4C01D90148B002E02EF /* NSArray+DLExtension.m in Sources */,
				B9053CDE1DC099CA00124151 /* LLAdvertisementCell.m in Sources */,
				B922D4D41D901B1D002E02EF /* DLSystemInfo.m in Sources */,
				B9053CC41DC091B900124151 /* YLStickyHeaderFlowLayout.m in Sources */,
				B91993EE1D91610800CF3295 /* DLKeychain.m in Sources */,
				B96C61C91DBDD1BF0034B859 /* LLBaseDataModel.m in Sources */,
				B922D3DC1D900D55002E02EF /* ViewController.m in Sources */,
				B92AF96D1D911690001DAD4A /* ViewController3.m in Sources */,
				B9053CF31DC09A1E00124151 /* SDCollectionViewCell.m in Sources */,
				B90EC4641DC0D6C300D9A49B /* Person.m in Sources */,
				B9372A061DCB847200CD0F3B /* TopModel.m in Sources */,
				B98628061DC105040064FF4B /* DageTest.m in Sources */,
				B986280C1DC1303B0064FF4B /* Homesss.m in Sources */,
				B91994181D91610800CF3295 /* UIScrollView+SVInfiniteScrolling.m in Sources */,
				B922D4C21D90148B002E02EF /* NSDate+DLExtension.m in Sources */,
				B9053CC31DC091B900124151 /* UIView+Helpers.m in Sources */,
				B90275D41DCDEC1E00755057 /* LLVideoPlayController.m in Sources */,
				B93806FC1DC1C6A00058ABEF /* LLSpecialCell.m in Sources */,
				B91EA2261D93645E00023291 /* LLBaseViewController.m in Sources */,
				B91993F31D91610800CF3295 /* NSObject+SBJson.m in Sources */,
				B93807051DC1FBEE0058ABEF /* YZTagButton.m in Sources */,
				B922D4C41D90148B002E02EF /* NSObject+DLNotification.m in Sources */,
				B91993FB1D91610800CF3295 /* SBJsonStreamWriterState.m in Sources */,
				B9758F9C1DABF70D00814202 /* DLBaseNavigationController.m in Sources */,
				B92AF96A1D911686001DAD4A /* ViewController2.m in Sources */,
				B91993FD1D91610800CF3295 /* SBJsonUTF8Stream.m in Sources */,
				B91994141D91610800CF3295 /* DLOpenUDID.m in Sources */,
				B91993F51D91610800CF3295 /* SBJsonStreamParser.m in Sources */,
				B91993EC1D91610800CF3295 /* DLBase64.m in Sources */,
				B91994091D91610800CF3295 /* DLHttpHelper.m in Sources */,
				B92AF9641D910ACA001DAD4A /* LLCustonTabbarModel.m in Sources */,
				B91993F01D91610800CF3295 /* DLLocationManager.m in Sources */,
				B922D4A41D901357002E02EF /* LLObejctDefine.m in Sources */,
				B986280F1DC13C3B0064FF4B /* DogAnimal.m in Sources */,
				B91CAD251D9298FE00C7F269 /* viewController4.m in Sources */,
				B94E374F1DCCE51B0006ADA7 /* MBHudExtention.m in Sources */,
				B9053CEF1DC09A1E00124151 /* TAAbstractDotView.m in Sources */,
				B91994211D91610800CF3295 /* UITabBarController+Custom.m in Sources */,
				B9053CF41DC09A1E00124151 /* SDCycleScrollView.m in Sources */,
				B97DAFFA1DC6483400CEF142 /* TTReqProtocol.m in Sources */,
				B9865CDD1DC3047C006D06CE /* LLPublickMethed.m in Sources */,
				B91993ED1D91610800CF3295 /* DLCache.m in Sources */,
				B91994241D91613E00CF3295 /* SUCustomTabbar.m in Sources */,
				B919941A1D91610800CF3295 /* UIView+Animation.m in Sources */,
				B91993FC1D91610800CF3295 /* SBJsonTokeniser.m in Sources */,
				B9053CF11DC09A1E00124151 /* TADotView.m in Sources */,
				B91993F11D91610800CF3295 /* NSData+DLDes.m in Sources */,
				B919941B1D91610800CF3295 /* DLXMLDictionary.m in Sources */,
				B91994151D91610800CF3295 /* SVProgressGifHUD.m in Sources */,
				B91993F21D91610800CF3295 /* DLPinyin.c in Sources */,
				B9184AC81DBF076600150301 /* LLUserLoginReturnModel.m in Sources */,
				B9053CD81DC0929A00124151 /* LLDiscoveryViewController.m in Sources */,
				B90275D11DCDDDF900755057 /* LLWebViewController.m in Sources */,
				B97DAFFB1DC6483400CEF142 /* TTReqUrl.m in Sources */,
				B9053CF01DC09A1E00124151 /* TAAnimatedDotView.m in Sources */,
				B922D3D91D900D55002E02EF /* AppDelegate.mm in Sources */,
				B922D4CA1D90153D002E02EF /* LLLog.m in Sources */,
				B922D4C11D90148B002E02EF /* NSData+MD5.m in Sources */,
				B91994191D91610800CF3295 /* UIScrollView+SVPullToRefresh.m in Sources */,
				B922D4C61D90148B002E02EF /* NSString+DLExtension.m in Sources */,
				B938070C1DC20BD70058ABEF /* LLShowNeesLogInView.m in Sources */,
				B9372A071DCB847200CD0F3B /* TopTenBang.m in Sources */,
				B922D4C51D90148B002E02EF /* NSObject+DLTypeConversion.m in Sources */,
				B9053CF21DC09A1E00124151 /* TAPageControl.m in Sources */,
				B9372A051DCB847200CD0F3B /* JCTagListView.m in Sources */,
				B91993F91D91610800CF3295 /* SBJsonStreamWriter.m in Sources */,
				B922D4C71D90148B002E02EF /* UIImage+DLExtension.m in Sources */,
				B9FCF6CF1DBB774400EF2A98 /* LLShareView.m in Sources */,
				B96C61BA1DBDAA880034B859 /* LLCustomNavBarView.m in Sources */,
				B91993F41D91610800CF3295 /* SBJsonParser.m in Sources */,
				B91993EF1D91610800CF3295 /* DLUserDefaults.m in Sources */,
				B922D4C31D90148B002E02EF /* NSDictionary+DLExtension.m in Sources */,
				B9372A031DCB847200CD0F3B /* JCCollectionViewTagFlowLayout.m in Sources */,
				B922D4DB1D901E7B002E02EF /* LLSandbox.m in Sources */,
				B9372A041DCB847200CD0F3B /* JCTagCell.m in Sources */,
				B93807061DC1FBEE0058ABEF /* YZTagList.m in Sources */,
				B91994281D91642700CF3295 /* UIViewController+LLCustom.m in Sources */,
				B922D4D11D9017E2002E02EF /* LLHttpFormModel.m in Sources */,
				B91994121D91610800CF3295 /* AsyncSocket.m in Sources */,
				B922D3D61D900D55002E02EF /* main.m in Sources */,
				B98628031DC0FE160064FF4B /* LLBaseModel.m in Sources */,
				B91994131D91610800CF3295 /* AsyncUdpSocket.m in Sources */,
				B93FEC981DC8EA1000652886 /* testView2.m in Sources */,
				B91993FA1D91610800CF3295 /* SBJsonStreamWriterAccumulator.m in Sources */,
				B93FEC951DC8E89100652886 /* testView.m in Sources */,
				B97DAFF91DC6483400CEF142 /* TTReqEngine.m in Sources */,
				B92AF9671D91167B001DAD4A /* ViewController1.m in Sources */,
				B91993F61D91610800CF3295 /* SBJsonStreamParserAccumulator.m in Sources */,
				B91994171D91610800CF3295 /* SVProgressHUD.m in Sources */,
				B91993F71D91610800CF3295 /* SBJsonStreamParserAdapter.m in Sources */,
				B9053CF51DC09A1E00124151 /* UIView+SDExtension.m in Sources */,
			);
			runOnlyForDeploymentPostprocessing = 0;
		};
/* End PBXSourcesBuildPhase section */

/* Begin PBXVariantGroup section */
		B9865D1A1DC32671006D06CE /* Main.storyboard */ = {
			isa = PBXVariantGroup;
			children = (
				B9865D1B1DC32671006D06CE /* Base */,
				B9865D571DC32C14006D06CE /* en */,
				B9865D5A1DC32C2E006D06CE /* ja */,
				B9865D5D1DC32C59006D06CE /* zh-Hans-CN */,
			);
			name = Main.storyboard;
			sourceTree = "<group>";
		};
		B9865D421DC328DD006D06CE /* LaunchScreen.storyboard */ = {
			isa = PBXVariantGroup;
			children = (
				B9865D431DC328DD006D06CE /* Base */,
				B9865D561DC32C14006D06CE /* en */,
				B9865D591DC32C2D006D06CE /* ja */,
				B9865D5C1DC32C59006D06CE /* zh-Hans-CN */,
			);
			name = LaunchScreen.storyboard;
			sourceTree = "<group>";
		};
		B9865D551DC32BEA006D06CE /* HWWorldLanguage.strings */ = {
			isa = PBXVariantGroup;
			children = (
				B9865D581DC32C14006D06CE /* en */,
				B9865D5B1DC32C2E006D06CE /* ja */,
				B9865D5E1DC32C5A006D06CE /* zh-Hans-CN */,
			);
			name = HWWorldLanguage.strings;
			sourceTree = "<group>";
		};
/* End PBXVariantGroup section */

/* Begin XCBuildConfiguration section */
		B922D3E61D900D55002E02EF /* Debug */ = {
			isa = XCBuildConfiguration;
			buildSettings = {
				ALWAYS_SEARCH_USER_PATHS = NO;
				CLANG_ANALYZER_LOCALIZABILITY_NONLOCALIZED = YES;
				CLANG_ANALYZER_NONNULL = YES;
				CLANG_CXX_LANGUAGE_STANDARD = "gnu++0x";
				CLANG_CXX_LIBRARY = "libc++";
				CLANG_ENABLE_MODULES = YES;
				CLANG_ENABLE_OBJC_ARC = YES;
				CLANG_WARN_BOOL_CONVERSION = YES;
				CLANG_WARN_CONSTANT_CONVERSION = YES;
				CLANG_WARN_DIRECT_OBJC_ISA_USAGE = YES_ERROR;
				CLANG_WARN_EMPTY_BODY = YES;
				CLANG_WARN_ENUM_CONVERSION = YES;
				CLANG_WARN_INT_CONVERSION = YES;
				CLANG_WARN_OBJC_ROOT_CLASS = YES_ERROR;
				CLANG_WARN_UNREACHABLE_CODE = YES;
				CLANG_WARN__DUPLICATE_METHOD_MATCH = YES;
				CODE_SIGN_IDENTITY = "iPhone Developer: sishen92@icloud.com (6VA3S9MD3U)";
				"CODE_SIGN_IDENTITY[sdk=iphoneos*]" = "iPhone Developer: sishen92@icloud.com (6VA3S9MD3U)";
				COPY_PHASE_STRIP = NO;
				DEBUG_INFORMATION_FORMAT = dwarf;
				ENABLE_STRICT_OBJC_MSGSEND = YES;
				ENABLE_TESTABILITY = YES;
				GCC_C_LANGUAGE_STANDARD = gnu99;
				GCC_DYNAMIC_NO_PIC = NO;
				GCC_NO_COMMON_BLOCKS = YES;
				GCC_OPTIMIZATION_LEVEL = 0;
				GCC_PREPROCESSOR_DEFINITIONS = (
					"DEBUG=1",
					"$(inherited)",
				);
				GCC_WARN_64_TO_32_BIT_CONVERSION = YES;
				GCC_WARN_ABOUT_RETURN_TYPE = YES_ERROR;
				GCC_WARN_UNDECLARED_SELECTOR = YES;
				GCC_WARN_UNINITIALIZED_AUTOS = YES_AGGRESSIVE;
				GCC_WARN_UNUSED_FUNCTION = YES;
				GCC_WARN_UNUSED_VARIABLE = YES;
				IPHONEOS_DEPLOYMENT_TARGET = 9.3;
				MTL_ENABLE_DEBUG_INFO = YES;
				ONLY_ACTIVE_ARCH = YES;
				SDKROOT = iphoneos;
				TARGETED_DEVICE_FAMILY = "1,2";
			};
			name = Debug;
		};
		B922D3E71D900D55002E02EF /* Release */ = {
			isa = XCBuildConfiguration;
			buildSettings = {
				ALWAYS_SEARCH_USER_PATHS = NO;
				CLANG_ANALYZER_LOCALIZABILITY_NONLOCALIZED = YES;
				CLANG_ANALYZER_NONNULL = YES;
				CLANG_CXX_LANGUAGE_STANDARD = "gnu++0x";
				CLANG_CXX_LIBRARY = "libc++";
				CLANG_ENABLE_MODULES = YES;
				CLANG_ENABLE_OBJC_ARC = YES;
				CLANG_WARN_BOOL_CONVERSION = YES;
				CLANG_WARN_CONSTANT_CONVERSION = YES;
				CLANG_WARN_DIRECT_OBJC_ISA_USAGE = YES_ERROR;
				CLANG_WARN_EMPTY_BODY = YES;
				CLANG_WARN_ENUM_CONVERSION = YES;
				CLANG_WARN_INT_CONVERSION = YES;
				CLANG_WARN_OBJC_ROOT_CLASS = YES_ERROR;
				CLANG_WARN_UNREACHABLE_CODE = YES;
				CLANG_WARN__DUPLICATE_METHOD_MATCH = YES;
				CODE_SIGN_IDENTITY = "iPhone Developer: sishen92@icloud.com (6VA3S9MD3U)";
				"CODE_SIGN_IDENTITY[sdk=iphoneos*]" = "iPhone Developer: 亮 李 (78244YZ6J5)";
				COPY_PHASE_STRIP = NO;
				DEBUG_INFORMATION_FORMAT = "dwarf-with-dsym";
				ENABLE_NS_ASSERTIONS = NO;
				ENABLE_STRICT_OBJC_MSGSEND = YES;
				GCC_C_LANGUAGE_STANDARD = gnu99;
				GCC_NO_COMMON_BLOCKS = YES;
				GCC_WARN_64_TO_32_BIT_CONVERSION = YES;
				GCC_WARN_ABOUT_RETURN_TYPE = YES_ERROR;
				GCC_WARN_UNDECLARED_SELECTOR = YES;
				GCC_WARN_UNINITIALIZED_AUTOS = YES_AGGRESSIVE;
				GCC_WARN_UNUSED_FUNCTION = YES;
				GCC_WARN_UNUSED_VARIABLE = YES;
				IPHONEOS_DEPLOYMENT_TARGET = 9.3;
				MTL_ENABLE_DEBUG_INFO = NO;
				SDKROOT = iphoneos;
				TARGETED_DEVICE_FAMILY = "1,2";
				VALIDATE_PRODUCT = YES;
			};
			name = Release;
		};
		B922D3E91D900D55002E02EF /* Debug */ = {
			isa = XCBuildConfiguration;
			baseConfigurationReference = 72FCE661364C6BC9B4C245C1 /* Pods-MyTestForNewFrameWork.debug.xcconfig */;
			buildSettings = {
				ASSETCATALOG_COMPILER_APPICON_NAME = AppIcon;
				"CODE_SIGN_IDENTITY[sdk=iphoneos*]" = "iPhone Developer";
				DEVELOPMENT_TEAM = V5AADJBKQL;
				FRAMEWORK_SEARCH_PATHS = (
					"$(inherited)",
					"$(PROJECT_DIR)/MyTestForNewFrameWork/Souce/Libs/Reaml",
				);
				GCC_PRECOMPILE_PREFIX_HEADER = YES;
				GCC_PREFIX_HEADER = "$(SRCROOT)/MyTestForNewFrameWork/NewFrame.h";
				INFOPLIST_FILE = MyTestForNewFrameWork/Info.plist;
				IPHONEOS_DEPLOYMENT_TARGET = 9.0;
				LD_RUNPATH_SEARCH_PATHS = "$(inherited) @executable_path/Frameworks";
				PRODUCT_BUNDLE_IDENTIFIER = com.magicalworld.MyTestForNewFrameWork;
				PRODUCT_NAME = "$(TARGET_NAME)";
				PROVISIONING_PROFILE = "";
				PROVISIONING_PROFILE_SPECIFIER = "";
			};
			name = Debug;
		};
		B922D3EA1D900D55002E02EF /* Release */ = {
			isa = XCBuildConfiguration;
			baseConfigurationReference = A6E45D93703914C81EC6DABF /* Pods-MyTestForNewFrameWork.release.xcconfig */;
			buildSettings = {
				ASSETCATALOG_COMPILER_APPICON_NAME = AppIcon;
				"CODE_SIGN_IDENTITY[sdk=iphoneos*]" = "iPhone Developer";
				DEVELOPMENT_TEAM = V5AADJBKQL;
				FRAMEWORK_SEARCH_PATHS = (
					"$(inherited)",
					"$(PROJECT_DIR)/MyTestForNewFrameWork/Souce/Libs/Reaml",
				);
				GCC_PRECOMPILE_PREFIX_HEADER = YES;
				GCC_PREFIX_HEADER = "$(SRCROOT)/MyTestForNewFrameWork/NewFrame.h";
				INFOPLIST_FILE = MyTestForNewFrameWork/Info.plist;
				IPHONEOS_DEPLOYMENT_TARGET = 9.0;
				LD_RUNPATH_SEARCH_PATHS = "$(inherited) @executable_path/Frameworks";
				PRODUCT_BUNDLE_IDENTIFIER = com.magicalworld.MyTestForNewFrameWork;
				PRODUCT_NAME = "$(TARGET_NAME)";
				PROVISIONING_PROFILE = "";
				PROVISIONING_PROFILE_SPECIFIER = "";
			};
			name = Release;
		};
/* End XCBuildConfiguration section */

/* Begin XCConfigurationList section */
		B922D3CC1D900D55002E02EF /* Build configuration list for PBXProject "MyTestForNewFrameWork" */ = {
			isa = XCConfigurationList;
			buildConfigurations = (
				B922D3E61D900D55002E02EF /* Debug */,
				B922D3E71D900D55002E02EF /* Release */,
			);
			defaultConfigurationIsVisible = 0;
			defaultConfigurationName = Release;
		};
		B922D3E81D900D55002E02EF /* Build configuration list for PBXNativeTarget "MyTestForNewFrameWork" */ = {
			isa = XCConfigurationList;
			buildConfigurations = (
				B922D3E91D900D55002E02EF /* Debug */,
				B922D3EA1D900D55002E02EF /* Release */,
			);
			defaultConfigurationIsVisible = 0;
			defaultConfigurationName = Release;
		};
/* End XCConfigurationList section */
	};
	rootObject = B922D3C91D900D55002E02EF /* Project object */;
}
